// !$*UTF8*$!
{
	archiveVersion = 1;
	classes = {
	};
	objectVersion = 46;
	objects = {

/* Begin PBXAggregateTarget section */
		183CB665194655290079076A /* Framework */ = {
			isa = PBXAggregateTarget;
			buildConfigurationList = 183CB666194655290079076A /* Build configuration list for PBXAggregateTarget "Framework" */;
			buildPhases = (
				183CB669194655350079076A /* MultiPlatform Build */,
			);
			dependencies = (
				B034A28719C0D26B003BD5F0 /* PBXTargetDependency */,
			);
			name = Framework;
			productName = Framework;
		};
/* End PBXAggregateTarget section */

/* Begin PBXBuildFile section */
		183CB6161946512F0079076A /* Foundation.framework in Frameworks */ = {isa = PBXBuildFile; fileRef = 183CB6151946512F0079076A /* Foundation.framework */; };
		183CB624194651300079076A /* XCTest.framework in Frameworks */ = {isa = PBXBuildFile; fileRef = 183CB623194651300079076A /* XCTest.framework */; };
		183CB625194651300079076A /* Foundation.framework in Frameworks */ = {isa = PBXBuildFile; fileRef = 183CB6151946512F0079076A /* Foundation.framework */; };
		183CB627194651300079076A /* UIKit.framework in Frameworks */ = {isa = PBXBuildFile; fileRef = 183CB626194651300079076A /* UIKit.framework */; };
		183CB62A194651300079076A /* libOpen Spatial iOS SDK.a in Frameworks */ = {isa = PBXBuildFile; fileRef = 183CB6121946512F0079076A /* libOpen Spatial iOS SDK.a */; };
		183CB630194651300079076A /* InfoPlist.strings in Resources */ = {isa = PBXBuildFile; fileRef = 183CB62E194651300079076A /* InfoPlist.strings */; };
		183CB652194652340079076A /* OpenSpatial2DEventsTestCase.m in Sources */ = {isa = PBXBuildFile; fileRef = 183CB64D194652340079076A /* OpenSpatial2DEventsTestCase.m */; };
		183CB653194652340079076A /* GestureEventTestCase.m in Sources */ = {isa = PBXBuildFile; fileRef = 183CB64E194652340079076A /* GestureEventTestCase.m */; };
		183CB654194652340079076A /* RotationEventTestCase.m in Sources */ = {isa = PBXBuildFile; fileRef = 183CB64F194652340079076A /* RotationEventTestCase.m */; };
		183CB655194652340079076A /* OpenSpatialTestDelegate.m in Sources */ = {isa = PBXBuildFile; fileRef = 183CB651194652340079076A /* OpenSpatialTestDelegate.m */; };
		183CB65C194653500079076A /* libOCMock.a in Frameworks */ = {isa = PBXBuildFile; fileRef = 183CB65B194653500079076A /* libOCMock.a */; };
		B0CCCA78197775B8004B92B6 /* ButtonEventTestCase.m in Sources */ = {isa = PBXBuildFile; fileRef = B0CCCA77197775B8004B92B6 /* ButtonEventTestCase.m */; };
		B0D7C96019B92D790012BCA2 /* ButtonEvent.m in Sources */ = {isa = PBXBuildFile; fileRef = 183CB63C194651890079076A /* ButtonEvent.m */; };
		B0D7C96119B92D790012BCA2 /* PointerEvent.m in Sources */ = {isa = PBXBuildFile; fileRef = 183CB63E194651890079076A /* PointerEvent.m */; };
		B0D7C96219B92D790012BCA2 /* RotationEvent.m in Sources */ = {isa = PBXBuildFile; fileRef = 183CB640194651890079076A /* RotationEvent.m */; };
		B0D7C96319B92D790012BCA2 /* GestureEvent.m in Sources */ = {isa = PBXBuildFile; fileRef = 183CB642194651890079076A /* GestureEvent.m */; };
		B0D7C96419B92D790012BCA2 /* OpenSpatialBluetooth.m in Sources */ = {isa = PBXBuildFile; fileRef = B0CCCA73197763A0004B92B6 /* OpenSpatialBluetooth.m */; };
		B0D7C96519B92D790012BCA2 /* OpenSpatialDecoder.m in Sources */ = {isa = PBXBuildFile; fileRef = B0CCCA6F1977610D004B92B6 /* OpenSpatialDecoder.m */; };
		B0D7C96619B92D890012BCA2 /* ButtonEvent.h in Headers */ = {isa = PBXBuildFile; fileRef = 183CB63B194651890079076A /* ButtonEvent.h */; settings = {ATTRIBUTES = (Public, ); }; };
		B0D7C96719B92D890012BCA2 /* PointerEvent.h in Headers */ = {isa = PBXBuildFile; fileRef = 183CB63D194651890079076A /* PointerEvent.h */; settings = {ATTRIBUTES = (Public, ); }; };
		B0D7C96819B92D890012BCA2 /* RotationEvent.h in Headers */ = {isa = PBXBuildFile; fileRef = 183CB63F194651890079076A /* RotationEvent.h */; settings = {ATTRIBUTES = (Public, ); }; };
		B0D7C96919B92D890012BCA2 /* GestureEvent.h in Headers */ = {isa = PBXBuildFile; fileRef = 183CB641194651890079076A /* GestureEvent.h */; settings = {ATTRIBUTES = (Public, ); }; };
		B0D7C96A19B92D890012BCA2 /* OpenSpatialBluetooth.h in Headers */ = {isa = PBXBuildFile; fileRef = B0CCCA74197763A0004B92B6 /* OpenSpatialBluetooth.h */; settings = {ATTRIBUTES = (Public, ); }; };
		B0D7C96B19B92D890012BCA2 /* OpenSpatialDecoder.h in Headers */ = {isa = PBXBuildFile; fileRef = B0CCCA6E1977610D004B92B6 /* OpenSpatialDecoder.h */; settings = {ATTRIBUTES = (Public, ); }; };
/* End PBXBuildFile section */

/* Begin PBXContainerItemProxy section */
		183CB628194651300079076A /* PBXContainerItemProxy */ = {
			isa = PBXContainerItemProxy;
			containerPortal = 183CB60A1946512F0079076A /* Project object */;
			proxyType = 1;
			remoteGlobalIDString = 183CB6111946512F0079076A;
			remoteInfo = "Open Spatial iOS SDK";
		};
		B034A28619C0D26B003BD5F0 /* PBXContainerItemProxy */ = {
			isa = PBXContainerItemProxy;
			containerPortal = 183CB60A1946512F0079076A /* Project object */;
			proxyType = 1;
			remoteGlobalIDString = 183CB6111946512F0079076A;
			remoteInfo = "Open Spatial iOS SDK";
		};
/* End PBXContainerItemProxy section */

/* Begin PBXCopyFilesBuildPhase section */
		183CB6101946512F0079076A /* CopyFiles */ = {
			isa = PBXCopyFilesBuildPhase;
			buildActionMask = 2147483647;
			dstPath = "include/$(PRODUCT_NAME)";
			dstSubfolderSpec = 16;
			files = (
			);
			runOnlyForDeploymentPostprocessing = 0;
		};
/* End PBXCopyFilesBuildPhase section */

/* Begin PBXFileReference section */
		183CB6121946512F0079076A /* libOpen Spatial iOS SDK.a */ = {isa = PBXFileReference; explicitFileType = archive.ar; includeInIndex = 0; path = "libOpen Spatial iOS SDK.a"; sourceTree = BUILT_PRODUCTS_DIR; };
		183CB6151946512F0079076A /* Foundation.framework */ = {isa = PBXFileReference; lastKnownFileType = wrapper.framework; name = Foundation.framework; path = System/Library/Frameworks/Foundation.framework; sourceTree = SDKROOT; };
		183CB6191946512F0079076A /* Open Spatial iOS SDK-Prefix.pch */ = {isa = PBXFileReference; lastKnownFileType = sourcecode.c.h; path = "Open Spatial iOS SDK-Prefix.pch"; sourceTree = "<group>"; };
		183CB622194651300079076A /* Open Spatial iOS SDKTests.xctest */ = {isa = PBXFileReference; explicitFileType = wrapper.cfbundle; includeInIndex = 0; path = "Open Spatial iOS SDKTests.xctest"; sourceTree = BUILT_PRODUCTS_DIR; };
		183CB623194651300079076A /* XCTest.framework */ = {isa = PBXFileReference; lastKnownFileType = wrapper.framework; name = XCTest.framework; path = Library/Frameworks/XCTest.framework; sourceTree = DEVELOPER_DIR; };
		183CB626194651300079076A /* UIKit.framework */ = {isa = PBXFileReference; lastKnownFileType = wrapper.framework; name = UIKit.framework; path = Library/Frameworks/UIKit.framework; sourceTree = DEVELOPER_DIR; };
		183CB62D194651300079076A /* Open Spatial iOS SDKTests-Info.plist */ = {isa = PBXFileReference; lastKnownFileType = text.plist.xml; path = "Open Spatial iOS SDKTests-Info.plist"; sourceTree = "<group>"; };
		183CB62F194651300079076A /* en */ = {isa = PBXFileReference; lastKnownFileType = text.plist.strings; name = en; path = en.lproj/InfoPlist.strings; sourceTree = "<group>"; };
		183CB63B194651890079076A /* ButtonEvent.h */ = {isa = PBXFileReference; fileEncoding = 4; lastKnownFileType = sourcecode.c.h; path = ButtonEvent.h; sourceTree = "<group>"; };
		183CB63C194651890079076A /* ButtonEvent.m */ = {isa = PBXFileReference; fileEncoding = 4; lastKnownFileType = sourcecode.c.objc; path = ButtonEvent.m; sourceTree = "<group>"; };
		183CB63D194651890079076A /* PointerEvent.h */ = {isa = PBXFileReference; fileEncoding = 4; lastKnownFileType = sourcecode.c.h; path = PointerEvent.h; sourceTree = "<group>"; };
		183CB63E194651890079076A /* PointerEvent.m */ = {isa = PBXFileReference; fileEncoding = 4; lastKnownFileType = sourcecode.c.objc; path = PointerEvent.m; sourceTree = "<group>"; };
		183CB63F194651890079076A /* RotationEvent.h */ = {isa = PBXFileReference; fileEncoding = 4; lastKnownFileType = sourcecode.c.h; path = RotationEvent.h; sourceTree = "<group>"; };
		183CB640194651890079076A /* RotationEvent.m */ = {isa = PBXFileReference; fileEncoding = 4; lastKnownFileType = sourcecode.c.objc; path = RotationEvent.m; sourceTree = "<group>"; };
		183CB641194651890079076A /* GestureEvent.h */ = {isa = PBXFileReference; fileEncoding = 4; lastKnownFileType = sourcecode.c.h; path = GestureEvent.h; sourceTree = "<group>"; };
		183CB642194651890079076A /* GestureEvent.m */ = {isa = PBXFileReference; fileEncoding = 4; lastKnownFileType = sourcecode.c.objc; path = GestureEvent.m; sourceTree = "<group>"; };
		183CB64D194652340079076A /* OpenSpatial2DEventsTestCase.m */ = {isa = PBXFileReference; fileEncoding = 4; lastKnownFileType = sourcecode.c.objc; path = OpenSpatial2DEventsTestCase.m; sourceTree = "<group>"; };
		183CB64E194652340079076A /* GestureEventTestCase.m */ = {isa = PBXFileReference; fileEncoding = 4; lastKnownFileType = sourcecode.c.objc; path = GestureEventTestCase.m; sourceTree = "<group>"; };
		183CB64F194652340079076A /* RotationEventTestCase.m */ = {isa = PBXFileReference; fileEncoding = 4; lastKnownFileType = sourcecode.c.objc; path = RotationEventTestCase.m; sourceTree = "<group>"; };
		183CB650194652340079076A /* OpenSpatialTestDelegate.h */ = {isa = PBXFileReference; fileEncoding = 4; lastKnownFileType = sourcecode.c.h; path = OpenSpatialTestDelegate.h; sourceTree = "<group>"; };
		183CB651194652340079076A /* OpenSpatialTestDelegate.m */ = {isa = PBXFileReference; fileEncoding = 4; lastKnownFileType = sourcecode.c.objc; path = OpenSpatialTestDelegate.m; sourceTree = "<group>"; };
		183CB65B194653500079076A /* libOCMock.a */ = {isa = PBXFileReference; lastKnownFileType = archive.ar; name = libOCMock.a; path = usr/lib/libOCMock.a; sourceTree = "<group>"; };
		B0CCCA6E1977610D004B92B6 /* OpenSpatialDecoder.h */ = {isa = PBXFileReference; fileEncoding = 4; lastKnownFileType = sourcecode.c.h; path = OpenSpatialDecoder.h; sourceTree = "<group>"; };
		B0CCCA6F1977610D004B92B6 /* OpenSpatialDecoder.m */ = {isa = PBXFileReference; fileEncoding = 4; lastKnownFileType = sourcecode.c.objc; path = OpenSpatialDecoder.m; sourceTree = "<group>"; };
		B0CCCA73197763A0004B92B6 /* OpenSpatialBluetooth.m */ = {isa = PBXFileReference; fileEncoding = 4; lastKnownFileType = sourcecode.c.objc; path = OpenSpatialBluetooth.m; sourceTree = "<group>"; };
		B0CCCA74197763A0004B92B6 /* OpenSpatialBluetooth.h */ = {isa = PBXFileReference; fileEncoding = 4; lastKnownFileType = sourcecode.c.h; path = OpenSpatialBluetooth.h; sourceTree = "<group>"; };
		B0CCCA77197775B8004B92B6 /* ButtonEventTestCase.m */ = {isa = PBXFileReference; fileEncoding = 4; lastKnownFileType = sourcecode.c.objc; path = ButtonEventTestCase.m; sourceTree = "<group>"; };
/* End PBXFileReference section */

/* Begin PBXFrameworksBuildPhase section */
		183CB60F1946512F0079076A /* Frameworks */ = {
			isa = PBXFrameworksBuildPhase;
			buildActionMask = 2147483647;
			files = (
				183CB6161946512F0079076A /* Foundation.framework in Frameworks */,
			);
			runOnlyForDeploymentPostprocessing = 0;
		};
		183CB61F194651300079076A /* Frameworks */ = {
			isa = PBXFrameworksBuildPhase;
			buildActionMask = 2147483647;
			files = (
				183CB65C194653500079076A /* libOCMock.a in Frameworks */,
				183CB62A194651300079076A /* libOpen Spatial iOS SDK.a in Frameworks */,
				183CB624194651300079076A /* XCTest.framework in Frameworks */,
				183CB627194651300079076A /* UIKit.framework in Frameworks */,
				183CB625194651300079076A /* Foundation.framework in Frameworks */,
			);
			runOnlyForDeploymentPostprocessing = 0;
		};
/* End PBXFrameworksBuildPhase section */

/* Begin PBXGroup section */
		183CB6091946512F0079076A = {
			isa = PBXGroup;
			children = (
				183CB6171946512F0079076A /* Open Spatial iOS SDK */,
				183CB62B194651300079076A /* Open Spatial iOS SDKTests */,
				183CB6141946512F0079076A /* Frameworks */,
				183CB6131946512F0079076A /* Products */,
			);
			sourceTree = "<group>";
		};
		183CB6131946512F0079076A /* Products */ = {
			isa = PBXGroup;
			children = (
				183CB6121946512F0079076A /* libOpen Spatial iOS SDK.a */,
				183CB622194651300079076A /* Open Spatial iOS SDKTests.xctest */,
			);
			name = Products;
			sourceTree = "<group>";
		};
		183CB6141946512F0079076A /* Frameworks */ = {
			isa = PBXGroup;
			children = (
				183CB65B194653500079076A /* libOCMock.a */,
				183CB6151946512F0079076A /* Foundation.framework */,
				183CB623194651300079076A /* XCTest.framework */,
				183CB626194651300079076A /* UIKit.framework */,
			);
			name = Frameworks;
			sourceTree = "<group>";
		};
		183CB6171946512F0079076A /* Open Spatial iOS SDK */ = {
			isa = PBXGroup;
			children = (
				B0CCCA721977612F004B92B6 /* Button */,
				183CB656194652690079076A /* 2D */,
				183CB657194652770079076A /* 3D */,
				183CB658194652820079076A /* Gesture */,
				183CB659194652880079076A /* Open Spatial Bluetooth */,
				183CB65A194652940079076A /* Open Spatial Decoder */,
				183CB6181946512F0079076A /* Supporting Files */,
			);
			path = "Open Spatial iOS SDK";
			sourceTree = "<group>";
		};
		183CB6181946512F0079076A /* Supporting Files */ = {
			isa = PBXGroup;
			children = (
				183CB6191946512F0079076A /* Open Spatial iOS SDK-Prefix.pch */,
			);
			name = "Supporting Files";
			sourceTree = "<group>";
		};
		183CB62B194651300079076A /* Open Spatial iOS SDKTests */ = {
			isa = PBXGroup;
			children = (
				183CB64D194652340079076A /* OpenSpatial2DEventsTestCase.m */,
				183CB64E194652340079076A /* GestureEventTestCase.m */,
				183CB64F194652340079076A /* RotationEventTestCase.m */,
				183CB650194652340079076A /* OpenSpatialTestDelegate.h */,
				183CB651194652340079076A /* OpenSpatialTestDelegate.m */,
				B0CCCA77197775B8004B92B6 /* ButtonEventTestCase.m */,
				183CB62C194651300079076A /* Supporting Files */,
			);
			path = "Open Spatial iOS SDKTests";
			sourceTree = "<group>";
		};
		183CB62C194651300079076A /* Supporting Files */ = {
			isa = PBXGroup;
			children = (
				183CB62D194651300079076A /* Open Spatial iOS SDKTests-Info.plist */,
				183CB62E194651300079076A /* InfoPlist.strings */,
			);
			name = "Supporting Files";
			sourceTree = "<group>";
		};
		183CB656194652690079076A /* 2D */ = {
			isa = PBXGroup;
			children = (
				183CB63D194651890079076A /* PointerEvent.h */,
				183CB63E194651890079076A /* PointerEvent.m */,
			);
			name = 2D;
			sourceTree = "<group>";
		};
		183CB657194652770079076A /* 3D */ = {
			isa = PBXGroup;
			children = (
				183CB63F194651890079076A /* RotationEvent.h */,
				183CB640194651890079076A /* RotationEvent.m */,
			);
			name = 3D;
			sourceTree = "<group>";
		};
		183CB658194652820079076A /* Gesture */ = {
			isa = PBXGroup;
			children = (
				183CB641194651890079076A /* GestureEvent.h */,
				183CB642194651890079076A /* GestureEvent.m */,
			);
			name = Gesture;
			sourceTree = "<group>";
		};
		183CB659194652880079076A /* Open Spatial Bluetooth */ = {
			isa = PBXGroup;
			children = (
				B0CCCA73197763A0004B92B6 /* OpenSpatialBluetooth.m */,
				B0CCCA74197763A0004B92B6 /* OpenSpatialBluetooth.h */,
			);
			name = "Open Spatial Bluetooth";
			sourceTree = "<group>";
		};
		183CB65A194652940079076A /* Open Spatial Decoder */ = {
			isa = PBXGroup;
			children = (
				B0CCCA6E1977610D004B92B6 /* OpenSpatialDecoder.h */,
				B0CCCA6F1977610D004B92B6 /* OpenSpatialDecoder.m */,
			);
			name = "Open Spatial Decoder";
			sourceTree = "<group>";
		};
		B0CCCA721977612F004B92B6 /* Button */ = {
			isa = PBXGroup;
			children = (
				183CB63B194651890079076A /* ButtonEvent.h */,
				183CB63C194651890079076A /* ButtonEvent.m */,
			);
			name = Button;
			sourceTree = "<group>";
		};
/* End PBXGroup section */

/* Begin PBXHeadersBuildPhase section */
		183CB65D194654160079076A /* Headers */ = {
			isa = PBXHeadersBuildPhase;
			buildActionMask = 2147483647;
			files = (
				B0D7C96619B92D890012BCA2 /* ButtonEvent.h in Headers */,
				B0D7C96719B92D890012BCA2 /* PointerEvent.h in Headers */,
				B0D7C96819B92D890012BCA2 /* RotationEvent.h in Headers */,
				B0D7C96919B92D890012BCA2 /* GestureEvent.h in Headers */,
				B0D7C96A19B92D890012BCA2 /* OpenSpatialBluetooth.h in Headers */,
				B0D7C96B19B92D890012BCA2 /* OpenSpatialDecoder.h in Headers */,
			);
			runOnlyForDeploymentPostprocessing = 0;
		};
/* End PBXHeadersBuildPhase section */

/* Begin PBXNativeTarget section */
		183CB6111946512F0079076A /* Open Spatial iOS SDK */ = {
			isa = PBXNativeTarget;
			buildConfigurationList = 183CB635194651300079076A /* Build configuration list for PBXNativeTarget "Open Spatial iOS SDK" */;
			buildPhases = (
				183CB60E1946512F0079076A /* Sources */,
				183CB60F1946512F0079076A /* Frameworks */,
				183CB6101946512F0079076A /* CopyFiles */,
				183CB65D194654160079076A /* Headers */,
				183CB664194654EC0079076A /* Build Framework */,
			);
			buildRules = (
			);
			dependencies = (
			);
			name = "Open Spatial iOS SDK";
			productName = "Open Spatial iOS SDK";
			productReference = 183CB6121946512F0079076A /* libOpen Spatial iOS SDK.a */;
			productType = "com.apple.product-type.library.static";
		};
		183CB621194651300079076A /* Open Spatial iOS SDKTests */ = {
			isa = PBXNativeTarget;
			buildConfigurationList = 183CB638194651300079076A /* Build configuration list for PBXNativeTarget "Open Spatial iOS SDKTests" */;
			buildPhases = (
				183CB61E194651300079076A /* Sources */,
				183CB61F194651300079076A /* Frameworks */,
				183CB620194651300079076A /* Resources */,
			);
			buildRules = (
			);
			dependencies = (
				183CB629194651300079076A /* PBXTargetDependency */,
			);
			name = "Open Spatial iOS SDKTests";
			productName = "Open Spatial iOS SDKTests";
			productReference = 183CB622194651300079076A /* Open Spatial iOS SDKTests.xctest */;
			productType = "com.apple.product-type.bundle.unit-test";
		};
/* End PBXNativeTarget section */

/* Begin PBXProject section */
		183CB60A1946512F0079076A /* Project object */ = {
			isa = PBXProject;
			attributes = {
				LastUpgradeCheck = 0510;
				ORGANIZATIONNAME = "Nod Labs";
			};
			buildConfigurationList = 183CB60D1946512F0079076A /* Build configuration list for PBXProject "Open Spatial iOS SDK" */;
			compatibilityVersion = "Xcode 3.2";
			developmentRegion = English;
			hasScannedForEncodings = 0;
			knownRegions = (
				en,
			);
			mainGroup = 183CB6091946512F0079076A;
			productRefGroup = 183CB6131946512F0079076A /* Products */;
			projectDirPath = "";
			projectRoot = "";
			targets = (
				183CB6111946512F0079076A /* Open Spatial iOS SDK */,
				183CB621194651300079076A /* Open Spatial iOS SDKTests */,
				183CB665194655290079076A /* Framework */,
			);
		};
/* End PBXProject section */

/* Begin PBXResourcesBuildPhase section */
		183CB620194651300079076A /* Resources */ = {
			isa = PBXResourcesBuildPhase;
			buildActionMask = 2147483647;
			files = (
				183CB630194651300079076A /* InfoPlist.strings in Resources */,
			);
			runOnlyForDeploymentPostprocessing = 0;
		};
/* End PBXResourcesBuildPhase section */

/* Begin PBXShellScriptBuildPhase section */
		183CB664194654EC0079076A /* Build Framework */ = {
			isa = PBXShellScriptBuildPhase;
			buildActionMask = 2147483647;
			files = (
			);
			inputPaths = (
			);
			name = "Build Framework";
			outputPaths = (
			);
			runOnlyForDeploymentPostprocessing = 0;
			shellPath = /bin/sh;
			shellScript = "set -e\n\nRW_FRAMEWORK_NAME=\"OpenSpatial\"\n\n\nexport FRAMEWORK_LOCN=\"${BUILT_PRODUCTS_DIR}/${RW_FRAMEWORK_NAME}.framework\"\n\n# Create the path to the real Headers die\nmkdir -p \"${FRAMEWORK_LOCN}/Versions/A/Headers\"\n\n# Create the required symlinks\n/bin/ln -sfh A \"${FRAMEWORK_LOCN}/Versions/Current\"\n/bin/ln -sfh Versions/Current/Headers \"${FRAMEWORK_LOCN}/Headers\"\n/bin/ln -sfh \"Versions/Current/${RW_FRAMEWORK_NAME}\" \\\n\"${FRAMEWORK_LOCN}/${RW_FRAMEWORK_NAME}\"\n\n# Copy the public headers into the framework\n/bin/cp -a \"${TARGET_BUILD_DIR}/${PUBLIC_HEADERS_FOLDER_PATH}/\" \\\n\"${FRAMEWORK_LOCN}/Versions/A/Headers\"";
		};
		183CB669194655350079076A /* MultiPlatform Build */ = {
			isa = PBXShellScriptBuildPhase;
			buildActionMask = 2147483647;
			files = (
			);
			inputPaths = (
			);
			name = "MultiPlatform Build";
			outputPaths = (
			);
			runOnlyForDeploymentPostprocessing = 0;
			shellPath = /bin/sh;
			shellScript = "set -e\n\n# If we're already inside this script then die\nif [ -n \"$RW_MULTIPLATFORM_BUILD_IN_PROGRESS\" ]; then\nexit 0\nfi\nexport RW_MULTIPLATFORM_BUILD_IN_PROGRESS=1\n\nRW_FRAMEWORK_NAME=\"OpenSpatial\"\nRW_INPUT_STATIC_LIB=\"lib${PROJECT_NAME}.a\"\nRW_FRAMEWORK_LOCATION=\"${BUILT_PRODUCTS_DIR}/${RW_FRAMEWORK_NAME}.framework\"\n\nfunction build_static_library {\n    # Will rebuild the static library as specified\n    #     build_static_library sdk\n    xcrun xcodebuild -project \"${PROJECT_FILE_PATH}\" \\\n    -target \"${TARGET_NAME}\" \\\n    -configuration \"${CONFIGURATION}\" \\\n    -sdk \"${1}\" \\\n    ONLY_ACTIVE_ARCH=NO \\\n    BUILD_DIR=\"${BUILD_DIR}\" \\\n    OBJROOT=\"${OBJROOT}\" \\\n    BUILD_ROOT=\"${BUILD_ROOT}\" \\\n    SYMROOT=\"${SYMROOT}\" $ACTION\n}\n\nfunction make_fat_library {\n    # Will smash 2 static libs together\n    #     make_fat_library in1 in2 out\n    xcrun lipo -create \"${1}\" \"${2}\" -output \"${3}\"\n}\n\n# 1 - Extract the platform (iphoneos/iphonesimulator) from the SDK name\nif [[ \"$SDK_NAME\" =~ ([A-Za-z]+) ]]; then\nRW_SDK_PLATFORM=${BASH_REMATCH[1]}\nelse\necho \"Could not find platform name from SDK_NAME: $SDK_NAME\"\nexit 1\nfi\n\n# 2 - Extract the version from the SDK\nif [[ \"$SDK_NAME\" =~ ([0-9]+.*$) ]]; then\nRW_SDK_VERSION=${BASH_REMATCH[1]}\nelse\necho \"Could not find sdk version from SDK_NAME: $SDK_NAME\"\nexit 1\nfi\n\n# 3 - Determine the other platform\nif [ \"$RW_SDK_PLATFORM\" == \"iphoneos\" ]; then\nRW_OTHER_PLATFORM=iphonesimulator\nelse\nRW_OTHER_PLATFORM=iphoneos\nfi\n\n# 4 - Find the build directory\nif [[ \"$BUILT_PRODUCTS_DIR\" =~ (.*)$RW_SDK_PLATFORM$ ]]; then\nRW_OTHER_BUILT_PRODUCTS_DIR=\"${BASH_REMATCH[1]}${RW_OTHER_PLATFORM}\"\nelse\necho \"Could not find other platform build directory.\"\nexit 1\nfi\n\n# Build the other platform.\nbuild_static_library \"${RW_OTHER_PLATFORM}${RW_SDK_VERSION}\"\n\n# If we're currently building for iphonesimulator, then need to rebuild\n#   to ensure that we get both i386 and x86_64\nif [ \"$RW_SDK_PLATFORM\" == \"iphonesimulator\" ]; then\nbuild_static_library \"${SDK_NAME}\"\nfi\n\n# Join the 2 static libs into 1 and push into the .framework\nmake_fat_library \"${BUILT_PRODUCTS_DIR}/${RW_INPUT_STATIC_LIB}\" \\\n\"${RW_OTHER_BUILT_PRODUCTS_DIR}/${RW_INPUT_STATIC_LIB}\" \\\n\"${RW_FRAMEWORK_LOCATION}/Versions/A/${RW_FRAMEWORK_NAME}\"\n\n# Ensure that the framework is present in both platform's build directories\ncp -a \"${RW_FRAMEWORK_LOCATION}/Versions/A/${RW_FRAMEWORK_NAME}\" \\\n\"${RW_OTHER_BUILT_PRODUCTS_DIR}/${RW_FRAMEWORK_NAME}.framework/Versions/A/${RW_FRAMEWORK_NAME}\"\n\n# Copy the framework to the user's desktop\nditto \"${RW_FRAMEWORK_LOCATION}\" \"${HOME}/Desktop/${RW_FRAMEWORK_NAME}.framework\"";
		};
/* End PBXShellScriptBuildPhase section */

/* Begin PBXSourcesBuildPhase section */
		183CB60E1946512F0079076A /* Sources */ = {
			isa = PBXSourcesBuildPhase;
			buildActionMask = 2147483647;
			files = (
				B0D7C96019B92D790012BCA2 /* ButtonEvent.m in Sources */,
				B0D7C96119B92D790012BCA2 /* PointerEvent.m in Sources */,
				B0D7C96219B92D790012BCA2 /* RotationEvent.m in Sources */,
				B0D7C96319B92D790012BCA2 /* GestureEvent.m in Sources */,
				B0D7C96419B92D790012BCA2 /* OpenSpatialBluetooth.m in Sources */,
				B0D7C96519B92D790012BCA2 /* OpenSpatialDecoder.m in Sources */,
			);
			runOnlyForDeploymentPostprocessing = 0;
		};
		183CB61E194651300079076A /* Sources */ = {
			isa = PBXSourcesBuildPhase;
			buildActionMask = 2147483647;
			files = (
				183CB655194652340079076A /* OpenSpatialTestDelegate.m in Sources */,
				183CB654194652340079076A /* RotationEventTestCase.m in Sources */,
				183CB653194652340079076A /* GestureEventTestCase.m in Sources */,
				B0CCCA78197775B8004B92B6 /* ButtonEventTestCase.m in Sources */,
				183CB652194652340079076A /* OpenSpatial2DEventsTestCase.m in Sources */,
			);
			runOnlyForDeploymentPostprocessing = 0;
		};
/* End PBXSourcesBuildPhase section */

/* Begin PBXTargetDependency section */
		183CB629194651300079076A /* PBXTargetDependency */ = {
			isa = PBXTargetDependency;
			target = 183CB6111946512F0079076A /* Open Spatial iOS SDK */;
			targetProxy = 183CB628194651300079076A /* PBXContainerItemProxy */;
		};
		B034A28719C0D26B003BD5F0 /* PBXTargetDependency */ = {
			isa = PBXTargetDependency;
			target = 183CB6111946512F0079076A /* Open Spatial iOS SDK */;
			targetProxy = B034A28619C0D26B003BD5F0 /* PBXContainerItemProxy */;
		};
/* End PBXTargetDependency section */

/* Begin PBXVariantGroup section */
		183CB62E194651300079076A /* InfoPlist.strings */ = {
			isa = PBXVariantGroup;
			children = (
				183CB62F194651300079076A /* en */,
			);
			name = InfoPlist.strings;
			sourceTree = "<group>";
		};
/* End PBXVariantGroup section */

/* Begin XCBuildConfiguration section */
		183CB633194651300079076A /* Debug */ = {
			isa = XCBuildConfiguration;
			buildSettings = {
				ALWAYS_SEARCH_USER_PATHS = NO;
				CLANG_CXX_LANGUAGE_STANDARD = "gnu++0x";
				CLANG_CXX_LIBRARY = "libc++";
				CLANG_ENABLE_MODULES = YES;
				CLANG_ENABLE_OBJC_ARC = YES;
				CLANG_WARN_BOOL_CONVERSION = YES;
				CLANG_WARN_CONSTANT_CONVERSION = YES;
				CLANG_WARN_DIRECT_OBJC_ISA_USAGE = YES_ERROR;
				CLANG_WARN_EMPTY_BODY = YES;
				CLANG_WARN_ENUM_CONVERSION = YES;
				CLANG_WARN_INT_CONVERSION = YES;
				CLANG_WARN_OBJC_ROOT_CLASS = YES_ERROR;
				CLANG_WARN__DUPLICATE_METHOD_MATCH = YES;
				COPY_PHASE_STRIP = NO;
				GCC_C_LANGUAGE_STANDARD = gnu99;
				GCC_DYNAMIC_NO_PIC = NO;
				GCC_OPTIMIZATION_LEVEL = 0;
				GCC_PREPROCESSOR_DEFINITIONS = (
					"DEBUG=1",
					"$(inherited)",
				);
				GCC_SYMBOLS_PRIVATE_EXTERN = NO;
				GCC_WARN_64_TO_32_BIT_CONVERSION = YES;
				GCC_WARN_ABOUT_RETURN_TYPE = YES_ERROR;
				GCC_WARN_UNDECLARED_SELECTOR = YES;
				GCC_WARN_UNINITIALIZED_AUTOS = YES_AGGRESSIVE;
				GCC_WARN_UNUSED_FUNCTION = YES;
				GCC_WARN_UNUSED_VARIABLE = YES;
				IPHONEOS_DEPLOYMENT_TARGET = 7.1;
				ONLY_ACTIVE_ARCH = YES;
				SDKROOT = iphoneos;
			};
			name = Debug;
		};
		183CB634194651300079076A /* Release */ = {
			isa = XCBuildConfiguration;
			buildSettings = {
				ALWAYS_SEARCH_USER_PATHS = NO;
				CLANG_CXX_LANGUAGE_STANDARD = "gnu++0x";
				CLANG_CXX_LIBRARY = "libc++";
				CLANG_ENABLE_MODULES = YES;
				CLANG_ENABLE_OBJC_ARC = YES;
				CLANG_WARN_BOOL_CONVERSION = YES;
				CLANG_WARN_CONSTANT_CONVERSION = YES;
				CLANG_WARN_DIRECT_OBJC_ISA_USAGE = YES_ERROR;
				CLANG_WARN_EMPTY_BODY = YES;
				CLANG_WARN_ENUM_CONVERSION = YES;
				CLANG_WARN_INT_CONVERSION = YES;
				CLANG_WARN_OBJC_ROOT_CLASS = YES_ERROR;
				CLANG_WARN__DUPLICATE_METHOD_MATCH = YES;
				COPY_PHASE_STRIP = YES;
				ENABLE_NS_ASSERTIONS = NO;
				GCC_C_LANGUAGE_STANDARD = gnu99;
				GCC_WARN_64_TO_32_BIT_CONVERSION = YES;
				GCC_WARN_ABOUT_RETURN_TYPE = YES_ERROR;
				GCC_WARN_UNDECLARED_SELECTOR = YES;
				GCC_WARN_UNINITIALIZED_AUTOS = YES_AGGRESSIVE;
				GCC_WARN_UNUSED_FUNCTION = YES;
				GCC_WARN_UNUSED_VARIABLE = YES;
				IPHONEOS_DEPLOYMENT_TARGET = 7.1;
				SDKROOT = iphoneos;
				VALIDATE_PRODUCT = YES;
			};
			name = Release;
		};
		183CB636194651300079076A /* Debug */ = {
			isa = XCBuildConfiguration;
			buildSettings = {
				COPY_PHASE_STRIP = NO;
				DEAD_CODE_STRIPPING = NO;
				DSTROOT = /tmp/Open_Spatial_iOS_SDK.dst;
				GCC_PRECOMPILE_PREFIX_HEADER = YES;
				GCC_PREFIX_HEADER = "Open Spatial iOS SDK/Open Spatial iOS SDK-Prefix.pch";
				OTHER_LDFLAGS = "-ObjC";
				PRODUCT_NAME = "$(TARGET_NAME)";
				PUBLIC_HEADERS_FOLDER_PATH = "include/$(PROJECT_NAME)";
				SKIP_INSTALL = YES;
				STRIP_STYLE = "non-global";
			};
			name = Debug;
		};
		183CB637194651300079076A /* Release */ = {
			isa = XCBuildConfiguration;
			buildSettings = {
				COPY_PHASE_STRIP = NO;
				DEAD_CODE_STRIPPING = NO;
				DSTROOT = /tmp/Open_Spatial_iOS_SDK.dst;
				GCC_PRECOMPILE_PREFIX_HEADER = YES;
				GCC_PREFIX_HEADER = "Open Spatial iOS SDK/Open Spatial iOS SDK-Prefix.pch";
				OTHER_LDFLAGS = "-ObjC";
				PRODUCT_NAME = "$(TARGET_NAME)";
				PUBLIC_HEADERS_FOLDER_PATH = "include/$(PROJECT_NAME)";
				SKIP_INSTALL = YES;
				STRIP_STYLE = "non-global";
			};
			name = Release;
		};
		183CB639194651300079076A /* Debug */ = {
			isa = XCBuildConfiguration;
			buildSettings = {
				FRAMEWORK_SEARCH_PATHS = (
					"$(SDKROOT)/Developer/Library/Frameworks",
					"$(inherited)",
					"$(DEVELOPER_FRAMEWORKS_DIR)",
				);
				GCC_PRECOMPILE_PREFIX_HEADER = YES;
				GCC_PREFIX_HEADER = "Open Spatial iOS SDK/Open Spatial iOS SDK-Prefix.pch";
				GCC_PREPROCESSOR_DEFINITIONS = (
					"DEBUG=1",
					"$(inherited)",
				);
				HEADER_SEARCH_PATHS = (
					"$(inherited)",
					/Applications/Xcode.app/Contents/Developer/Toolchains/XcodeDefault.xctoolchain/usr/include,
					"\"$(SRCROOT)/usr/include\"",
				);
				INFOPLIST_FILE = "Open Spatial iOS SDKTests/Open Spatial iOS SDKTests-Info.plist";
				LIBRARY_SEARCH_PATHS = (
					"$(inherited)",
					"$(PROJECT_DIR)/usr/lib",
				);
				OTHER_LDFLAGS = (
					"$(inherited)",
					"-framework",
					XCTest,
					"-force_load",
					"\"$(SRCROOT)/usr/lib/libOCMock.a\"",
					"-ObjC",
				);
				PRODUCT_NAME = "$(TARGET_NAME)";
				WRAPPER_EXTENSION = xctest;
			};
			name = Debug;
		};
		183CB63A194651300079076A /* Release */ = {
			isa = XCBuildConfiguration;
			buildSettings = {
				FRAMEWORK_SEARCH_PATHS = (
					"$(SDKROOT)/Developer/Library/Frameworks",
					"$(inherited)",
					"$(DEVELOPER_FRAMEWORKS_DIR)",
				);
				GCC_PRECOMPILE_PREFIX_HEADER = YES;
				GCC_PREFIX_HEADER = "Open Spatial iOS SDK/Open Spatial iOS SDK-Prefix.pch";
				HEADER_SEARCH_PATHS = (
					"$(inherited)",
					/Applications/Xcode.app/Contents/Developer/Toolchains/XcodeDefault.xctoolchain/usr/include,
					"\"$(SRCROOT)/usr/include\"",
				);
				INFOPLIST_FILE = "Open Spatial iOS SDKTests/Open Spatial iOS SDKTests-Info.plist";
				LIBRARY_SEARCH_PATHS = (
					"$(inherited)",
					"$(PROJECT_DIR)/usr/lib",
				);
				OTHER_LDFLAGS = (
					"$(inherited)",
					"-framework",
					XCTest,
					"-force_load",
					"\"$(SRCROOT)/usr/lib/libOCMock.a\"",
					"-ObjC",
				);
				PRODUCT_NAME = "$(TARGET_NAME)";
				WRAPPER_EXTENSION = xctest;
			};
			name = Release;
		};
		183CB667194655290079076A /* Debug */ = {
			isa = XCBuildConfiguration;
			buildSettings = {
				PRODUCT_NAME = "$(TARGET_NAME)";
			};
			name = Debug;
		};
		183CB668194655290079076A /* Release */ = {
			isa = XCBuildConfiguration;
			buildSettings = {
				PRODUCT_NAME = "$(TARGET_NAME)";
			};
			name = Release;
		};
/* End XCBuildConfiguration section */

/* Begin XCConfigurationList section */
		183CB60D1946512F0079076A /* Build configuration list for PBXProject "Open Spatial iOS SDK" */ = {
			isa = XCConfigurationList;
			buildConfigurations = (
				183CB633194651300079076A /* Debug */,
				183CB634194651300079076A /* Release */,
			);
			defaultConfigurationIsVisible = 0;
			defaultConfigurationName = Release;
		};
		183CB635194651300079076A /* Build configuration list for PBXNativeTarget "Open Spatial iOS SDK" */ = {
			isa = XCConfigurationList;
			buildConfigurations = (
				183CB636194651300079076A /* Debug */,
				183CB637194651300079076A /* Release */,
			);
			defaultConfigurationIsVisible = 0;
			defaultConfigurationName = Release;
		};
		183CB638194651300079076A /* Build configuration list for PBXNativeTarget "Open Spatial iOS SDKTests" */ = {
			isa = XCConfigurationList;
			buildConfigurations = (
				183CB639194651300079076A /* Debug */,
				183CB63A194651300079076A /* Release */,
			);
			defaultConfigurationIsVisible = 0;
			defaultConfigurationName = Release;
		};
		183CB666194655290079076A /* Build configuration list for PBXAggregateTarget "Framework" */ = {
			isa = XCConfigurationList;
			buildConfigurations = (
				183CB667194655290079076A /* Debug */,
				183CB668194655290079076A /* Release */,
			);
			defaultConfigurationIsVisible = 0;
			defaultConfigurationName = Release;
		};
/* End XCConfigurationList section */
	};
	rootObject = 183CB60A1946512F0079076A /* Project object */;
}
