// !$*UTF8*$!
{
	archiveVersion = 1;
	classes = {
	};
	objectVersion = 46;
	objects = {

/* Begin PBXBuildFile section */
		181B73E9193E659A00C30136 /* Foundation.framework in Frameworks */ = {isa = PBXBuildFile; fileRef = 181B73E8193E659A00C30136 /* Foundation.framework */; };
		181B73EB193E659A00C30136 /* CoreGraphics.framework in Frameworks */ = {isa = PBXBuildFile; fileRef = 181B73EA193E659A00C30136 /* CoreGraphics.framework */; };
		181B73ED193E659A00C30136 /* UIKit.framework in Frameworks */ = {isa = PBXBuildFile; fileRef = 181B73EC193E659A00C30136 /* UIKit.framework */; };
		181B73F3193E659A00C30136 /* InfoPlist.strings in Resources */ = {isa = PBXBuildFile; fileRef = 181B73F1193E659A00C30136 /* InfoPlist.strings */; };
		181B73F5193E659A00C30136 /* main.m in Sources */ = {isa = PBXBuildFile; fileRef = 181B73F4193E659A00C30136 /* main.m */; };
		181B73FC193E659A00C30136 /* Main.storyboard in Resources */ = {isa = PBXBuildFile; fileRef = 181B73FA193E659A00C30136 /* Main.storyboard */; };
		181B7401193E659A00C30136 /* Images.xcassets in Resources */ = {isa = PBXBuildFile; fileRef = 181B7400193E659A00C30136 /* Images.xcassets */; };
		181B7408193E659A00C30136 /* XCTest.framework in Frameworks */ = {isa = PBXBuildFile; fileRef = 181B7407193E659A00C30136 /* XCTest.framework */; };
		181B7409193E659A00C30136 /* Foundation.framework in Frameworks */ = {isa = PBXBuildFile; fileRef = 181B73E8193E659A00C30136 /* Foundation.framework */; };
		181B740A193E659A00C30136 /* UIKit.framework in Frameworks */ = {isa = PBXBuildFile; fileRef = 181B73EC193E659A00C30136 /* UIKit.framework */; };
		181B7412193E659A00C30136 /* InfoPlist.strings in Resources */ = {isa = PBXBuildFile; fileRef = 181B7410193E659A00C30136 /* InfoPlist.strings */; };
		181B7414193E659A00C30136 /* Sample_App_for_Nod_LabsTests.m in Sources */ = {isa = PBXBuildFile; fileRef = 181B7413193E659A00C30136 /* Sample_App_for_Nod_LabsTests.m */; };
		181B7423193E65B100C30136 /* RingScanViewController.m in Sources */ = {isa = PBXBuildFile; fileRef = 181B741E193E65B100C30136 /* RingScanViewController.m */; };
		181B7424193E65B100C30136 /* MainViewController.m in Sources */ = {isa = PBXBuildFile; fileRef = 181B7420193E65B100C30136 /* MainViewController.m */; };
		181B7425193E65B100C30136 /* AppDelegate.m in Sources */ = {isa = PBXBuildFile; fileRef = 181B7422193E65B100C30136 /* AppDelegate.m */; };
		183CB4F9194151CD0079076A /* OpenSpatialV6414.framework in Frameworks */ = {isa = PBXBuildFile; fileRef = 183CB4F8194151CD0079076A /* OpenSpatialV6414.framework */; };
/* End PBXBuildFile section */

/* Begin PBXContainerItemProxy section */
		181B740B193E659A00C30136 /* PBXContainerItemProxy */ = {
			isa = PBXContainerItemProxy;
			containerPortal = 181B73DD193E659A00C30136 /* Project object */;
			proxyType = 1;
			remoteGlobalIDString = 181B73E4193E659A00C30136;
			remoteInfo = "Sample App for Nod Labs";
		};
/* End PBXContainerItemProxy section */

/* Begin PBXFileReference section */
		181B73E5193E659A00C30136 /* Sample App for Nod Labs.app */ = {isa = PBXFileReference; explicitFileType = wrapper.application; includeInIndex = 0; path = "Sample App for Nod Labs.app"; sourceTree = BUILT_PRODUCTS_DIR; };
		181B73E8193E659A00C30136 /* Foundation.framework */ = {isa = PBXFileReference; lastKnownFileType = wrapper.framework; name = Foundation.framework; path = System/Library/Frameworks/Foundation.framework; sourceTree = SDKROOT; };
		181B73EA193E659A00C30136 /* CoreGraphics.framework */ = {isa = PBXFileReference; lastKnownFileType = wrapper.framework; name = CoreGraphics.framework; path = System/Library/Frameworks/CoreGraphics.framework; sourceTree = SDKROOT; };
		181B73EC193E659A00C30136 /* UIKit.framework */ = {isa = PBXFileReference; lastKnownFileType = wrapper.framework; name = UIKit.framework; path = System/Library/Frameworks/UIKit.framework; sourceTree = SDKROOT; };
		181B73F0193E659A00C30136 /* Sample App for Nod Labs-Info.plist */ = {isa = PBXFileReference; lastKnownFileType = text.plist.xml; path = "Sample App for Nod Labs-Info.plist"; sourceTree = "<group>"; };
		181B73F2193E659A00C30136 /* en */ = {isa = PBXFileReference; lastKnownFileType = text.plist.strings; name = en; path = en.lproj/InfoPlist.strings; sourceTree = "<group>"; };
		181B73F4193E659A00C30136 /* main.m */ = {isa = PBXFileReference; lastKnownFileType = sourcecode.c.objc; path = main.m; sourceTree = "<group>"; };
		181B73F6193E659A00C30136 /* Sample App for Nod Labs-Prefix.pch */ = {isa = PBXFileReference; lastKnownFileType = sourcecode.c.h; path = "Sample App for Nod Labs-Prefix.pch"; sourceTree = "<group>"; };
		181B73FB193E659A00C30136 /* Base */ = {isa = PBXFileReference; lastKnownFileType = file.storyboard; name = Base; path = Base.lproj/Main.storyboard; sourceTree = "<group>"; };
		181B7400193E659A00C30136 /* Images.xcassets */ = {isa = PBXFileReference; lastKnownFileType = folder.assetcatalog; path = Images.xcassets; sourceTree = "<group>"; };
		181B7406193E659A00C30136 /* Sample App for Nod LabsTests.xctest */ = {isa = PBXFileReference; explicitFileType = wrapper.cfbundle; includeInIndex = 0; path = "Sample App for Nod LabsTests.xctest"; sourceTree = BUILT_PRODUCTS_DIR; };
		181B7407193E659A00C30136 /* XCTest.framework */ = {isa = PBXFileReference; lastKnownFileType = wrapper.framework; name = XCTest.framework; path = Library/Frameworks/XCTest.framework; sourceTree = DEVELOPER_DIR; };
		181B740F193E659A00C30136 /* Sample App for Nod LabsTests-Info.plist */ = {isa = PBXFileReference; lastKnownFileType = text.plist.xml; path = "Sample App for Nod LabsTests-Info.plist"; sourceTree = "<group>"; };
		181B7411193E659A00C30136 /* en */ = {isa = PBXFileReference; lastKnownFileType = text.plist.strings; name = en; path = en.lproj/InfoPlist.strings; sourceTree = "<group>"; };
		181B7413193E659A00C30136 /* Sample_App_for_Nod_LabsTests.m */ = {isa = PBXFileReference; lastKnownFileType = sourcecode.c.objc; path = Sample_App_for_Nod_LabsTests.m; sourceTree = "<group>"; };
		181B741D193E65B100C30136 /* RingScanViewController.h */ = {isa = PBXFileReference; fileEncoding = 4; lastKnownFileType = sourcecode.c.h; path = RingScanViewController.h; sourceTree = "<group>"; };
		181B741E193E65B100C30136 /* RingScanViewController.m */ = {isa = PBXFileReference; fileEncoding = 4; lastKnownFileType = sourcecode.c.objc; path = RingScanViewController.m; sourceTree = "<group>"; };
		181B741F193E65B100C30136 /* MainViewController.h */ = {isa = PBXFileReference; fileEncoding = 4; lastKnownFileType = sourcecode.c.h; path = MainViewController.h; sourceTree = "<group>"; };
		181B7420193E65B100C30136 /* MainViewController.m */ = {isa = PBXFileReference; fileEncoding = 4; lastKnownFileType = sourcecode.c.objc; path = MainViewController.m; sourceTree = "<group>"; };
		181B7421193E65B100C30136 /* AppDelegate.h */ = {isa = PBXFileReference; fileEncoding = 4; lastKnownFileType = sourcecode.c.h; path = AppDelegate.h; sourceTree = "<group>"; };
		181B7422193E65B100C30136 /* AppDelegate.m */ = {isa = PBXFileReference; fileEncoding = 4; lastKnownFileType = sourcecode.c.objc; path = AppDelegate.m; sourceTree = "<group>"; };
		183CB4F8194151CD0079076A /* OpenSpatialV6414.framework */ = {isa = PBXFileReference; lastKnownFileType = wrapper.framework; path = OpenSpatialV6414.framework; sourceTree = "<group>"; };
/* End PBXFileReference section */

/* Begin PBXFrameworksBuildPhase section */
		181B73E2193E659A00C30136 /* Frameworks */ = {
			isa = PBXFrameworksBuildPhase;
			buildActionMask = 2147483647;
			files = (
				181B73EB193E659A00C30136 /* CoreGraphics.framework in Frameworks */,
				181B73ED193E659A00C30136 /* UIKit.framework in Frameworks */,
				181B73E9193E659A00C30136 /* Foundation.framework in Frameworks */,
				183CB4F9194151CD0079076A /* OpenSpatialV6414.framework in Frameworks */,
			);
			runOnlyForDeploymentPostprocessing = 0;
		};
		181B7403193E659A00C30136 /* Frameworks */ = {
			isa = PBXFrameworksBuildPhase;
			buildActionMask = 2147483647;
			files = (
				181B7408193E659A00C30136 /* XCTest.framework in Frameworks */,
				181B740A193E659A00C30136 /* UIKit.framework in Frameworks */,
				181B7409193E659A00C30136 /* Foundation.framework in Frameworks */,
			);
			runOnlyForDeploymentPostprocessing = 0;
		};
/* End PBXFrameworksBuildPhase section */

/* Begin PBXGroup section */
		181B73DC193E659A00C30136 = {
			isa = PBXGroup;
			children = (
				181B73EE193E659A00C30136 /* Sample App for Nod Labs */,
				181B740D193E659A00C30136 /* Sample App for Nod LabsTests */,
				181B73E7193E659A00C30136 /* Frameworks */,
				181B73E6193E659A00C30136 /* Products */,
			);
			sourceTree = "<group>";
		};
		181B73E6193E659A00C30136 /* Products */ = {
			isa = PBXGroup;
			children = (
				181B73E5193E659A00C30136 /* Sample App for Nod Labs.app */,
				181B7406193E659A00C30136 /* Sample App for Nod LabsTests.xctest */,
			);
			name = Products;
			sourceTree = "<group>";
		};
		181B73E7193E659A00C30136 /* Frameworks */ = {
			isa = PBXGroup;
			children = (
				183CB4F8194151CD0079076A /* OpenSpatialV6414.framework */,
				181B73E8193E659A00C30136 /* Foundation.framework */,
				181B73EA193E659A00C30136 /* CoreGraphics.framework */,
				181B73EC193E659A00C30136 /* UIKit.framework */,
				181B7407193E659A00C30136 /* XCTest.framework */,
			);
			name = Frameworks;
			sourceTree = "<group>";
		};
		181B73EE193E659A00C30136 /* Sample App for Nod Labs */ = {
			isa = PBXGroup;
			children = (
				181B73FA193E659A00C30136 /* Main.storyboard */,
				181B741D193E65B100C30136 /* RingScanViewController.h */,
				181B741E193E65B100C30136 /* RingScanViewController.m */,
				181B741F193E65B100C30136 /* MainViewController.h */,
				181B7420193E65B100C30136 /* MainViewController.m */,
				181B7421193E65B100C30136 /* AppDelegate.h */,
				181B7422193E65B100C30136 /* AppDelegate.m */,
				181B7400193E659A00C30136 /* Images.xcassets */,
				181B73EF193E659A00C30136 /* Supporting Files */,
			);
			path = "Sample App for Nod Labs";
			sourceTree = "<group>";
		};
		181B73EF193E659A00C30136 /* Supporting Files */ = {
			isa = PBXGroup;
			children = (
				181B73F0193E659A00C30136 /* Sample App for Nod Labs-Info.plist */,
				181B73F1193E659A00C30136 /* InfoPlist.strings */,
				181B73F4193E659A00C30136 /* main.m */,
				181B73F6193E659A00C30136 /* Sample App for Nod Labs-Prefix.pch */,
			);
			name = "Supporting Files";
			sourceTree = "<group>";
		};
		181B740D193E659A00C30136 /* Sample App for Nod LabsTests */ = {
			isa = PBXGroup;
			children = (
				181B7413193E659A00C30136 /* Sample_App_for_Nod_LabsTests.m */,
				181B740E193E659A00C30136 /* Supporting Files */,
			);
			path = "Sample App for Nod LabsTests";
			sourceTree = "<group>";
		};
		181B740E193E659A00C30136 /* Supporting Files */ = {
			isa = PBXGroup;
			children = (
				181B740F193E659A00C30136 /* Sample App for Nod LabsTests-Info.plist */,
				181B7410193E659A00C30136 /* InfoPlist.strings */,
			);
			name = "Supporting Files";
			sourceTree = "<group>";
		};
/* End PBXGroup section */

/* Begin PBXNativeTarget section */
		181B73E4193E659A00C30136 /* Sample App for Nod Labs */ = {
			isa = PBXNativeTarget;
			buildConfigurationList = 181B7417193E659A00C30136 /* Build configuration list for PBXNativeTarget "Sample App for Nod Labs" */;
			buildPhases = (
				181B73E1193E659A00C30136 /* Sources */,
				181B73E2193E659A00C30136 /* Frameworks */,
				181B73E3193E659A00C30136 /* Resources */,
			);
			buildRules = (
			);
			dependencies = (
			);
			name = "Sample App for Nod Labs";
			productName = "Sample App for Nod Labs";
			productReference = 181B73E5193E659A00C30136 /* Sample App for Nod Labs.app */;
			productType = "com.apple.product-type.application";
		};
		181B7405193E659A00C30136 /* Sample App for Nod LabsTests */ = {
			isa = PBXNativeTarget;
			buildConfigurationList = 181B741A193E659A00C30136 /* Build configuration list for PBXNativeTarget "Sample App for Nod LabsTests" */;
			buildPhases = (
				181B7402193E659A00C30136 /* Sources */,
				181B7403193E659A00C30136 /* Frameworks */,
				181B7404193E659A00C30136 /* Resources */,
			);
			buildRules = (
			);
			dependencies = (
				181B740C193E659A00C30136 /* PBXTargetDependency */,
			);
			name = "Sample App for Nod LabsTests";
			productName = "Sample App for Nod LabsTests";
			productReference = 181B7406193E659A00C30136 /* Sample App for Nod LabsTests.xctest */;
			productType = "com.apple.product-type.bundle.unit-test";
		};
/* End PBXNativeTarget section */

/* Begin PBXProject section */
		181B73DD193E659A00C30136 /* Project object */ = {
			isa = PBXProject;
			attributes = {
				LastUpgradeCheck = 0510;
				ORGANIZATIONNAME = NL;
				TargetAttributes = {
					181B7405193E659A00C30136 = {
						TestTargetID = 181B73E4193E659A00C30136;
					};
				};
			};
			buildConfigurationList = 181B73E0193E659A00C30136 /* Build configuration list for PBXProject "Sample App for Nod Labs" */;
			compatibilityVersion = "Xcode 3.2";
			developmentRegion = English;
			hasScannedForEncodings = 0;
			knownRegions = (
				en,
				Base,
			);
			mainGroup = 181B73DC193E659A00C30136;
			productRefGroup = 181B73E6193E659A00C30136 /* Products */;
			projectDirPath = "";
			projectRoot = "";
			targets = (
				181B73E4193E659A00C30136 /* Sample App for Nod Labs */,
				181B7405193E659A00C30136 /* Sample App for Nod LabsTests */,
			);
		};
/* End PBXProject section */

/* Begin PBXResourcesBuildPhase section */
		181B73E3193E659A00C30136 /* Resources */ = {
			isa = PBXResourcesBuildPhase;
			buildActionMask = 2147483647;
			files = (
				181B7401193E659A00C30136 /* Images.xcassets in Resources */,
				181B73F3193E659A00C30136 /* InfoPlist.strings in Resources */,
				181B73FC193E659A00C30136 /* Main.storyboard in Resources */,
			);
			runOnlyForDeploymentPostprocessing = 0;
		};
		181B7404193E659A00C30136 /* Resources */ = {
			isa = PBXResourcesBuildPhase;
			buildActionMask = 2147483647;
			files = (
				181B7412193E659A00C30136 /* InfoPlist.strings in Resources */,
			);
			runOnlyForDeploymentPostprocessing = 0;
		};
/* End PBXResourcesBuildPhase section */

/* Begin PBXSourcesBuildPhase section */
		181B73E1193E659A00C30136 /* Sources */ = {
			isa = PBXSourcesBuildPhase;
			buildActionMask = 2147483647;
			files = (
				181B7425193E65B100C30136 /* AppDelegate.m in Sources */,
				181B73F5193E659A00C30136 /* main.m in Sources */,
				181B7424193E65B100C30136 /* MainViewController.m in Sources */,
				181B7423193E65B100C30136 /* RingScanViewController.m in Sources */,
			);
			runOnlyForDeploymentPostprocessing = 0;
		};
		181B7402193E659A00C30136 /* Sources */ = {
			isa = PBXSourcesBuildPhase;
			buildActionMask = 2147483647;
			files = (
				181B7414193E659A00C30136 /* Sample_App_for_Nod_LabsTests.m in Sources */,
			);
			runOnlyForDeploymentPostprocessing = 0;
		};
/* End PBXSourcesBuildPhase section */

/* Begin PBXTargetDependency section */
		181B740C193E659A00C30136 /* PBXTargetDependency */ = {
			isa = PBXTargetDependency;
			target = 181B73E4193E659A00C30136 /* Sample App for Nod Labs */;
			targetProxy = 181B740B193E659A00C30136 /* PBXContainerItemProxy */;
		};
/* End PBXTargetDependency section */

/* Begin PBXVariantGroup section */
		181B73F1193E659A00C30136 /* InfoPlist.strings */ = {
			isa = PBXVariantGroup;
			children = (
				181B73F2193E659A00C30136 /* en */,
			);
			name = InfoPlist.strings;
			sourceTree = "<group>";
		};
		181B73FA193E659A00C30136 /* Main.storyboard */ = {
			isa = PBXVariantGroup;
			children = (
				181B73FB193E659A00C30136 /* Base */,
			);
			name = Main.storyboard;
			sourceTree = "<group>";
		};
		181B7410193E659A00C30136 /* InfoPlist.strings */ = {
			isa = PBXVariantGroup;
			children = (
				181B7411193E659A00C30136 /* en */,
			);
			name = InfoPlist.strings;
			sourceTree = "<group>";
		};
/* End PBXVariantGroup section */

/* Begin XCBuildConfiguration section */
		181B7415193E659A00C30136 /* Debug */ = {
			isa = XCBuildConfiguration;
			buildSettings = {
				ALWAYS_SEARCH_USER_PATHS = NO;
				CLANG_CXX_LANGUAGE_STANDARD = "gnu++0x";
				CLANG_CXX_LIBRARY = "libc++";
				CLANG_ENABLE_MODULES = YES;
				CLANG_ENABLE_OBJC_ARC = YES;
				CLANG_WARN_BOOL_CONVERSION = YES;
				CLANG_WARN_CONSTANT_CONVERSION = YES;
				CLANG_WARN_DIRECT_OBJC_ISA_USAGE = YES_ERROR;
				CLANG_WARN_EMPTY_BODY = YES;
				CLANG_WARN_ENUM_CONVERSION = YES;
				CLANG_WARN_INT_CONVERSION = YES;
				CLANG_WARN_OBJC_ROOT_CLASS = YES_ERROR;
				CLANG_WARN__DUPLICATE_METHOD_MATCH = YES;
				"CODE_SIGN_IDENTITY[sdk=iphoneos*]" = "iPhone Developer";
				COPY_PHASE_STRIP = NO;
				GCC_C_LANGUAGE_STANDARD = gnu99;
				GCC_DYNAMIC_NO_PIC = NO;
				GCC_OPTIMIZATION_LEVEL = 0;
				GCC_PREPROCESSOR_DEFINITIONS = (
					"DEBUG=1",
					"$(inherited)",
				);
				GCC_SYMBOLS_PRIVATE_EXTERN = NO;
				GCC_WARN_64_TO_32_BIT_CONVERSION = YES;
				GCC_WARN_ABOUT_RETURN_TYPE = YES_ERROR;
				GCC_WARN_UNDECLARED_SELECTOR = YES;
				GCC_WARN_UNINITIALIZED_AUTOS = YES_AGGRESSIVE;
				GCC_WARN_UNUSED_FUNCTION = YES;
				GCC_WARN_UNUSED_VARIABLE = YES;
				IPHONEOS_DEPLOYMENT_TARGET = 7.1;
				ONLY_ACTIVE_ARCH = YES;
				SDKROOT = iphoneos;
			};
			name = Debug;
		};
		181B7416193E659A00C30136 /* Release */ = {
			isa = XCBuildConfiguration;
			buildSettings = {
				ALWAYS_SEARCH_USER_PATHS = NO;
				CLANG_CXX_LANGUAGE_STANDARD = "gnu++0x";
				CLANG_CXX_LIBRARY = "libc++";
				CLANG_ENABLE_MODULES = YES;
				CLANG_ENABLE_OBJC_ARC = YES;
				CLANG_WARN_BOOL_CONVERSION = YES;
				CLANG_WARN_CONSTANT_CONVERSION = YES;
				CLANG_WARN_DIRECT_OBJC_ISA_USAGE = YES_ERROR;
				CLANG_WARN_EMPTY_BODY = YES;
				CLANG_WARN_ENUM_CONVERSION = YES;
				CLANG_WARN_INT_CONVERSION = YES;
				CLANG_WARN_OBJC_ROOT_CLASS = YES_ERROR;
				CLANG_WARN__DUPLICATE_METHOD_MATCH = YES;
				"CODE_SIGN_IDENTITY[sdk=iphoneos*]" = "iPhone Developer";
				COPY_PHASE_STRIP = YES;
				ENABLE_NS_ASSERTIONS = NO;
				GCC_C_LANGUAGE_STANDARD = gnu99;
				GCC_WARN_64_TO_32_BIT_CONVERSION = YES;
				GCC_WARN_ABOUT_RETURN_TYPE = YES_ERROR;
				GCC_WARN_UNDECLARED_SELECTOR = YES;
				GCC_WARN_UNINITIALIZED_AUTOS = YES_AGGRESSIVE;
				GCC_WARN_UNUSED_FUNCTION = YES;
				GCC_WARN_UNUSED_VARIABLE = YES;
				IPHONEOS_DEPLOYMENT_TARGET = 7.1;
				SDKROOT = iphoneos;
				VALIDATE_PRODUCT = YES;
			};
			name = Release;
		};
		181B7418193E659A00C30136 /* Debug */ = {
			isa = XCBuildConfiguration;
			buildSettings = {
				ASSETCATALOG_COMPILER_APPICON_NAME = AppIcon;
				ASSETCATALOG_COMPILER_LAUNCHIMAGE_NAME = LaunchImage;
				FRAMEWORK_SEARCH_PATHS = (
					"$(inherited)",
					"$(PROJECT_DIR)",
				);
				GCC_PRECOMPILE_PREFIX_HEADER = YES;
				GCC_PREFIX_HEADER = "Sample App for Nod Labs/Sample App for Nod Labs-Prefix.pch";
				INFOPLIST_FILE = "Sample App for Nod Labs/Sample App for Nod Labs-Info.plist";
				PRODUCT_NAME = "$(TARGET_NAME)";
				WRAPPER_EXTENSION = app;
			};
			name = Debug;
		};
		181B7419193E659A00C30136 /* Release */ = {
			isa = XCBuildConfiguration;
			buildSettings = {
				ASSETCATALOG_COMPILER_APPICON_NAME = AppIcon;
				ASSETCATALOG_COMPILER_LAUNCHIMAGE_NAME = LaunchImage;
				FRAMEWORK_SEARCH_PATHS = (
					"$(inherited)",
					"$(PROJECT_DIR)",
				);
				GCC_PRECOMPILE_PREFIX_HEADER = YES;
				GCC_PREFIX_HEADER = "Sample App for Nod Labs/Sample App for Nod Labs-Prefix.pch";
				INFOPLIST_FILE = "Sample App for Nod Labs/Sample App for Nod Labs-Info.plist";
				PRODUCT_NAME = "$(TARGET_NAME)";
				WRAPPER_EXTENSION = app;
			};
			name = Release;
		};
		181B741B193E659A00C30136 /* Debug */ = {
			isa = XCBuildConfiguration;
			buildSettings = {
				BUNDLE_LOADER = "$(BUILT_PRODUCTS_DIR)/Sample App for Nod Labs.app/Sample App for Nod Labs";
				FRAMEWORK_SEARCH_PATHS = (
					"$(SDKROOT)/Developer/Library/Frameworks",
					"$(inherited)",
					"$(DEVELOPER_FRAMEWORKS_DIR)",
				);
				GCC_PRECOMPILE_PREFIX_HEADER = YES;
				GCC_PREFIX_HEADER = "Sample App for Nod Labs/Sample App for Nod Labs-Prefix.pch";
				GCC_PREPROCESSOR_DEFINITIONS = (
					"DEBUG=1",
					"$(inherited)",
				);
				INFOPLIST_FILE = "Sample App for Nod LabsTests/Sample App for Nod LabsTests-Info.plist";
				PRODUCT_NAME = "$(TARGET_NAME)";
				TEST_HOST = "$(BUNDLE_LOADER)";
				WRAPPER_EXTENSION = xctest;
			};
			name = Debug;
		};
		181B741C193E659A00C30136 /* Release */ = {
			isa = XCBuildConfiguration;
			buildSettings = {
				BUNDLE_LOADER = "$(BUILT_PRODUCTS_DIR)/Sample App for Nod Labs.app/Sample App for Nod Labs";
				FRAMEWORK_SEARCH_PATHS = (
					"$(SDKROOT)/Developer/Library/Frameworks",
					"$(inherited)",
					"$(DEVELOPER_FRAMEWORKS_DIR)",
				);
				GCC_PRECOMPILE_PREFIX_HEADER = YES;
				GCC_PREFIX_HEADER = "Sample App for Nod Labs/Sample App for Nod Labs-Prefix.pch";
				INFOPLIST_FILE = "Sample App for Nod LabsTests/Sample App for Nod LabsTests-Info.plist";
				PRODUCT_NAME = "$(TARGET_NAME)";
				TEST_HOST = "$(BUNDLE_LOADER)";
				WRAPPER_EXTENSION = xctest;
			};
			name = Release;
		};
/* End XCBuildConfiguration section */

/* Begin XCConfigurationList section */
		181B73E0193E659A00C30136 /* Build configuration list for PBXProject "Sample App for Nod Labs" */ = {
			isa = XCConfigurationList;
			buildConfigurations = (
				181B7415193E659A00C30136 /* Debug */,
				181B7416193E659A00C30136 /* Release */,
			);
			defaultConfigurationIsVisible = 0;
			defaultConfigurationName = Release;
		};
		181B7417193E659A00C30136 /* Build configuration list for PBXNativeTarget "Sample App for Nod Labs" */ = {
			isa = XCConfigurationList;
			buildConfigurations = (
				181B7418193E659A00C30136 /* Debug */,
				181B7419193E659A00C30136 /* Release */,
			);
			defaultConfigurationIsVisible = 0;
			defaultConfigurationName = Release;
		};
		181B741A193E659A00C30136 /* Build configuration list for PBXNativeTarget "Sample App for Nod LabsTests" */ = {
			isa = XCConfigurationList;
			buildConfigurations = (
				181B741B193E659A00C30136 /* Debug */,
				181B741C193E659A00C30136 /* Release */,
			);
			defaultConfigurationIsVisible = 0;
			defaultConfigurationName = Release;
		};
/* End XCConfigurationList section */
	};
	rootObject = 181B73DD193E659A00C30136 /* Project object */;
}
