// !$*UTF8*$!
{
	archiveVersion = 1;
	classes = {
	};
	objectVersion = 46;
	objects = {

/* Begin PBXBuildFile section */
		1838EBA71B96567F006B49C6 /* OpenSpatial.framework in Frameworks */ = {isa = PBXBuildFile; fileRef = 1838EBA61B96567F006B49C6 /* OpenSpatial.framework */; };
		1838EBA81B96567F006B49C6 /* OpenSpatial.framework in Embed Frameworks */ = {isa = PBXBuildFile; fileRef = 1838EBA61B96567F006B49C6 /* OpenSpatial.framework */; settings = {ATTRIBUTES = (CodeSignOnCopy, RemoveHeadersOnCopy, ); }; };
		183CB677194655D80079076A /* Foundation.framework in Frameworks */ = {isa = PBXBuildFile; fileRef = 183CB676194655D80079076A /* Foundation.framework */; };
		183CB679194655D80079076A /* CoreGraphics.framework in Frameworks */ = {isa = PBXBuildFile; fileRef = 183CB678194655D80079076A /* CoreGraphics.framework */; };
		183CB67B194655D80079076A /* UIKit.framework in Frameworks */ = {isa = PBXBuildFile; fileRef = 183CB67A194655D80079076A /* UIKit.framework */; };
		183CB681194655D80079076A /* InfoPlist.strings in Resources */ = {isa = PBXBuildFile; fileRef = 183CB67F194655D80079076A /* InfoPlist.strings */; };
		183CB683194655D80079076A /* main.m in Sources */ = {isa = PBXBuildFile; fileRef = 183CB682194655D80079076A /* main.m */; };
		183CB687194655D80079076A /* AppDelegate.m in Sources */ = {isa = PBXBuildFile; fileRef = 183CB686194655D80079076A /* AppDelegate.m */; };
		183CB68A194655D80079076A /* Main.storyboard in Resources */ = {isa = PBXBuildFile; fileRef = 183CB688194655D80079076A /* Main.storyboard */; };
		183CB68F194655D80079076A /* Images.xcassets in Resources */ = {isa = PBXBuildFile; fileRef = 183CB68E194655D80079076A /* Images.xcassets */; };
		183CB696194655D80079076A /* XCTest.framework in Frameworks */ = {isa = PBXBuildFile; fileRef = 183CB695194655D80079076A /* XCTest.framework */; };
		183CB697194655D80079076A /* Foundation.framework in Frameworks */ = {isa = PBXBuildFile; fileRef = 183CB676194655D80079076A /* Foundation.framework */; };
		183CB698194655D80079076A /* UIKit.framework in Frameworks */ = {isa = PBXBuildFile; fileRef = 183CB67A194655D80079076A /* UIKit.framework */; };
		183CB6A0194655D80079076A /* InfoPlist.strings in Resources */ = {isa = PBXBuildFile; fileRef = 183CB69E194655D80079076A /* InfoPlist.strings */; };
		183CB6A2194655D80079076A /* Example_AppTests.m in Sources */ = {isa = PBXBuildFile; fileRef = 183CB6A1194655D80079076A /* Example_AppTests.m */; };
		183CB6AD194656890079076A /* RingScanTableViewController.m in Sources */ = {isa = PBXBuildFile; fileRef = 183CB6AC194656890079076A /* RingScanTableViewController.m */; };
		183CB6B0194657040079076A /* MainViewController.m in Sources */ = {isa = PBXBuildFile; fileRef = 183CB6AF194657040079076A /* MainViewController.m */; };
/* End PBXBuildFile section */

/* Begin PBXContainerItemProxy section */
		183CB699194655D80079076A /* PBXContainerItemProxy */ = {
			isa = PBXContainerItemProxy;
			containerPortal = 183CB66B194655D80079076A /* Project object */;
			proxyType = 1;
			remoteGlobalIDString = 183CB672194655D80079076A;
			remoteInfo = "Example App";
		};
/* End PBXContainerItemProxy section */

/* Begin PBXCopyFilesBuildPhase section */
		1838EBA21B963887006B49C6 /* Embed Frameworks */ = {
			isa = PBXCopyFilesBuildPhase;
			buildActionMask = 2147483647;
			dstPath = "";
			dstSubfolderSpec = 10;
			files = (
				1838EBA81B96567F006B49C6 /* OpenSpatial.framework in Embed Frameworks */,
			);
			name = "Embed Frameworks";
			runOnlyForDeploymentPostprocessing = 0;
		};
/* End PBXCopyFilesBuildPhase section */

/* Begin PBXFileReference section */
		1838EBA61B96567F006B49C6 /* OpenSpatial.framework */ = {isa = PBXFileReference; lastKnownFileType = wrapper.framework; name = OpenSpatial.framework; path = "../Open Spatial iOS Framework/OpenSpatial/OpenSpatial.framework"; sourceTree = "<group>"; };
		183CB673194655D80079076A /* Example App.app */ = {isa = PBXFileReference; explicitFileType = wrapper.application; includeInIndex = 0; path = "Example App.app"; sourceTree = BUILT_PRODUCTS_DIR; };
		183CB676194655D80079076A /* Foundation.framework */ = {isa = PBXFileReference; lastKnownFileType = wrapper.framework; name = Foundation.framework; path = System/Library/Frameworks/Foundation.framework; sourceTree = SDKROOT; };
		183CB678194655D80079076A /* CoreGraphics.framework */ = {isa = PBXFileReference; lastKnownFileType = wrapper.framework; name = CoreGraphics.framework; path = System/Library/Frameworks/CoreGraphics.framework; sourceTree = SDKROOT; };
		183CB67A194655D80079076A /* UIKit.framework */ = {isa = PBXFileReference; lastKnownFileType = wrapper.framework; name = UIKit.framework; path = System/Library/Frameworks/UIKit.framework; sourceTree = SDKROOT; };
		183CB67E194655D80079076A /* Example App-Info.plist */ = {isa = PBXFileReference; lastKnownFileType = text.plist.xml; path = "Example App-Info.plist"; sourceTree = "<group>"; };
		183CB680194655D80079076A /* en */ = {isa = PBXFileReference; lastKnownFileType = text.plist.strings; name = en; path = en.lproj/InfoPlist.strings; sourceTree = "<group>"; };
		183CB682194655D80079076A /* main.m */ = {isa = PBXFileReference; lastKnownFileType = sourcecode.c.objc; path = main.m; sourceTree = "<group>"; };
		183CB684194655D80079076A /* Example App-Prefix.pch */ = {isa = PBXFileReference; lastKnownFileType = sourcecode.c.h; path = "Example App-Prefix.pch"; sourceTree = "<group>"; };
		183CB685194655D80079076A /* AppDelegate.h */ = {isa = PBXFileReference; lastKnownFileType = sourcecode.c.h; path = AppDelegate.h; sourceTree = "<group>"; };
		183CB686194655D80079076A /* AppDelegate.m */ = {isa = PBXFileReference; lastKnownFileType = sourcecode.c.objc; path = AppDelegate.m; sourceTree = "<group>"; };
		183CB689194655D80079076A /* Base */ = {isa = PBXFileReference; lastKnownFileType = file.storyboard; name = Base; path = Base.lproj/Main.storyboard; sourceTree = "<group>"; };
		183CB68E194655D80079076A /* Images.xcassets */ = {isa = PBXFileReference; lastKnownFileType = folder.assetcatalog; path = Images.xcassets; sourceTree = "<group>"; };
		183CB694194655D80079076A /* Example AppTests.xctest */ = {isa = PBXFileReference; explicitFileType = wrapper.cfbundle; includeInIndex = 0; path = "Example AppTests.xctest"; sourceTree = BUILT_PRODUCTS_DIR; };
		183CB695194655D80079076A /* XCTest.framework */ = {isa = PBXFileReference; lastKnownFileType = wrapper.framework; name = XCTest.framework; path = Library/Frameworks/XCTest.framework; sourceTree = DEVELOPER_DIR; };
		183CB69D194655D80079076A /* Example AppTests-Info.plist */ = {isa = PBXFileReference; lastKnownFileType = text.plist.xml; path = "Example AppTests-Info.plist"; sourceTree = "<group>"; };
		183CB69F194655D80079076A /* en */ = {isa = PBXFileReference; lastKnownFileType = text.plist.strings; name = en; path = en.lproj/InfoPlist.strings; sourceTree = "<group>"; };
		183CB6A1194655D80079076A /* Example_AppTests.m */ = {isa = PBXFileReference; lastKnownFileType = sourcecode.c.objc; path = Example_AppTests.m; sourceTree = "<group>"; };
		183CB6AB194656890079076A /* RingScanTableViewController.h */ = {isa = PBXFileReference; fileEncoding = 4; lastKnownFileType = sourcecode.c.h; path = RingScanTableViewController.h; sourceTree = "<group>"; };
		183CB6AC194656890079076A /* RingScanTableViewController.m */ = {isa = PBXFileReference; fileEncoding = 4; lastKnownFileType = sourcecode.c.objc; path = RingScanTableViewController.m; sourceTree = "<group>"; };
		183CB6AE194657040079076A /* MainViewController.h */ = {isa = PBXFileReference; fileEncoding = 4; lastKnownFileType = sourcecode.c.h; path = MainViewController.h; sourceTree = "<group>"; };
		183CB6AF194657040079076A /* MainViewController.m */ = {isa = PBXFileReference; fileEncoding = 4; lastKnownFileType = sourcecode.c.objc; path = MainViewController.m; sourceTree = "<group>"; };
/* End PBXFileReference section */

/* Begin PBXFrameworksBuildPhase section */
		183CB670194655D80079076A /* Frameworks */ = {
			isa = PBXFrameworksBuildPhase;
			buildActionMask = 2147483647;
			files = (
				183CB679194655D80079076A /* CoreGraphics.framework in Frameworks */,
				1838EBA71B96567F006B49C6 /* OpenSpatial.framework in Frameworks */,
				183CB67B194655D80079076A /* UIKit.framework in Frameworks */,
				183CB677194655D80079076A /* Foundation.framework in Frameworks */,
			);
			runOnlyForDeploymentPostprocessing = 0;
		};
		183CB691194655D80079076A /* Frameworks */ = {
			isa = PBXFrameworksBuildPhase;
			buildActionMask = 2147483647;
			files = (
				183CB696194655D80079076A /* XCTest.framework in Frameworks */,
				183CB698194655D80079076A /* UIKit.framework in Frameworks */,
				183CB697194655D80079076A /* Foundation.framework in Frameworks */,
			);
			runOnlyForDeploymentPostprocessing = 0;
		};
/* End PBXFrameworksBuildPhase section */

/* Begin PBXGroup section */
		183CB66A194655D80079076A = {
			isa = PBXGroup;
			children = (
				183CB67C194655D80079076A /* Example App */,
				183CB69B194655D80079076A /* Example AppTests */,
				183CB675194655D80079076A /* Frameworks */,
				183CB674194655D80079076A /* Products */,
			);
			sourceTree = "<group>";
		};
		183CB674194655D80079076A /* Products */ = {
			isa = PBXGroup;
			children = (
				183CB673194655D80079076A /* Example App.app */,
				183CB694194655D80079076A /* Example AppTests.xctest */,
			);
			name = Products;
			sourceTree = "<group>";
		};
		183CB675194655D80079076A /* Frameworks */ = {
			isa = PBXGroup;
			children = (
				1838EBA61B96567F006B49C6 /* OpenSpatial.framework */,
				183CB676194655D80079076A /* Foundation.framework */,
				183CB678194655D80079076A /* CoreGraphics.framework */,
				183CB67A194655D80079076A /* UIKit.framework */,
				183CB695194655D80079076A /* XCTest.framework */,
			);
			name = Frameworks;
			sourceTree = "<group>";
		};
		183CB67C194655D80079076A /* Example App */ = {
			isa = PBXGroup;
			children = (
				183CB685194655D80079076A /* AppDelegate.h */,
				183CB686194655D80079076A /* AppDelegate.m */,
				183CB688194655D80079076A /* Main.storyboard */,
				183CB6AE194657040079076A /* MainViewController.h */,
				183CB6AF194657040079076A /* MainViewController.m */,
				183CB6AB194656890079076A /* RingScanTableViewController.h */,
				183CB6AC194656890079076A /* RingScanTableViewController.m */,
				183CB68E194655D80079076A /* Images.xcassets */,
				183CB67D194655D80079076A /* Supporting Files */,
			);
			path = "Example App";
			sourceTree = "<group>";
		};
		183CB67D194655D80079076A /* Supporting Files */ = {
			isa = PBXGroup;
			children = (
				183CB67E194655D80079076A /* Example App-Info.plist */,
				183CB67F194655D80079076A /* InfoPlist.strings */,
				183CB682194655D80079076A /* main.m */,
				183CB684194655D80079076A /* Example App-Prefix.pch */,
			);
			name = "Supporting Files";
			sourceTree = "<group>";
		};
		183CB69B194655D80079076A /* Example AppTests */ = {
			isa = PBXGroup;
			children = (
				183CB6A1194655D80079076A /* Example_AppTests.m */,
				183CB69C194655D80079076A /* Supporting Files */,
			);
			path = "Example AppTests";
			sourceTree = "<group>";
		};
		183CB69C194655D80079076A /* Supporting Files */ = {
			isa = PBXGroup;
			children = (
				183CB69D194655D80079076A /* Example AppTests-Info.plist */,
				183CB69E194655D80079076A /* InfoPlist.strings */,
			);
			name = "Supporting Files";
			sourceTree = "<group>";
		};
/* End PBXGroup section */

/* Begin PBXNativeTarget section */
		183CB672194655D80079076A /* Example App */ = {
			isa = PBXNativeTarget;
			buildConfigurationList = 183CB6A5194655D80079076A /* Build configuration list for PBXNativeTarget "Example App" */;
			buildPhases = (
				183CB66F194655D80079076A /* Sources */,
				183CB670194655D80079076A /* Frameworks */,
				183CB671194655D80079076A /* Resources */,
				1838EBA21B963887006B49C6 /* Embed Frameworks */,
			);
			buildRules = (
			);
			dependencies = (
			);
			name = "Example App";
			productName = "Example App";
			productReference = 183CB673194655D80079076A /* Example App.app */;
			productType = "com.apple.product-type.application";
		};
		183CB693194655D80079076A /* Example AppTests */ = {
			isa = PBXNativeTarget;
			buildConfigurationList = 183CB6A8194655D80079076A /* Build configuration list for PBXNativeTarget "Example AppTests" */;
			buildPhases = (
				183CB690194655D80079076A /* Sources */,
				183CB691194655D80079076A /* Frameworks */,
				183CB692194655D80079076A /* Resources */,
			);
			buildRules = (
			);
			dependencies = (
				183CB69A194655D80079076A /* PBXTargetDependency */,
			);
			name = "Example AppTests";
			productName = "Example AppTests";
			productReference = 183CB694194655D80079076A /* Example AppTests.xctest */;
			productType = "com.apple.product-type.bundle.unit-test";
		};
/* End PBXNativeTarget section */

/* Begin PBXProject section */
		183CB66B194655D80079076A /* Project object */ = {
			isa = PBXProject;
			attributes = {
				LastUpgradeCheck = 0510;
				ORGANIZATIONNAME = "Nod Labs";
				TargetAttributes = {
					183CB672194655D80079076A = {
						DevelopmentTeam = BM62RN4H49;
					};
					183CB693194655D80079076A = {
						TestTargetID = 183CB672194655D80079076A;
					};
				};
			};
			buildConfigurationList = 183CB66E194655D80079076A /* Build configuration list for PBXProject "Example App" */;
			compatibilityVersion = "Xcode 3.2";
			developmentRegion = English;
			hasScannedForEncodings = 0;
			knownRegions = (
				en,
				Base,
			);
			mainGroup = 183CB66A194655D80079076A;
			productRefGroup = 183CB674194655D80079076A /* Products */;
			projectDirPath = "";
			projectRoot = "";
			targets = (
				183CB672194655D80079076A /* Example App */,
				183CB693194655D80079076A /* Example AppTests */,
			);
		};
/* End PBXProject section */

/* Begin PBXResourcesBuildPhase section */
		183CB671194655D80079076A /* Resources */ = {
			isa = PBXResourcesBuildPhase;
			buildActionMask = 2147483647;
			files = (
				183CB68F194655D80079076A /* Images.xcassets in Resources */,
				183CB681194655D80079076A /* InfoPlist.strings in Resources */,
				183CB68A194655D80079076A /* Main.storyboard in Resources */,
			);
			runOnlyForDeploymentPostprocessing = 0;
		};
		183CB692194655D80079076A /* Resources */ = {
			isa = PBXResourcesBuildPhase;
			buildActionMask = 2147483647;
			files = (
				183CB6A0194655D80079076A /* InfoPlist.strings in Resources */,
			);
			runOnlyForDeploymentPostprocessing = 0;
		};
/* End PBXResourcesBuildPhase section */

/* Begin PBXSourcesBuildPhase section */
		183CB66F194655D80079076A /* Sources */ = {
			isa = PBXSourcesBuildPhase;
			buildActionMask = 2147483647;
			files = (
				183CB6AD194656890079076A /* RingScanTableViewController.m in Sources */,
				183CB687194655D80079076A /* AppDelegate.m in Sources */,
				183CB6B0194657040079076A /* MainViewController.m in Sources */,
				183CB683194655D80079076A /* main.m in Sources */,
			);
			runOnlyForDeploymentPostprocessing = 0;
		};
		183CB690194655D80079076A /* Sources */ = {
			isa = PBXSourcesBuildPhase;
			buildActionMask = 2147483647;
			files = (
				183CB6A2194655D80079076A /* Example_AppTests.m in Sources */,
			);
			runOnlyForDeploymentPostprocessing = 0;
		};
/* End PBXSourcesBuildPhase section */

/* Begin PBXTargetDependency section */
		183CB69A194655D80079076A /* PBXTargetDependency */ = {
			isa = PBXTargetDependency;
			target = 183CB672194655D80079076A /* Example App */;
			targetProxy = 183CB699194655D80079076A /* PBXContainerItemProxy */;
		};
/* End PBXTargetDependency section */

/* Begin PBXVariantGroup section */
		183CB67F194655D80079076A /* InfoPlist.strings */ = {
			isa = PBXVariantGroup;
			children = (
				183CB680194655D80079076A /* en */,
			);
			name = InfoPlist.strings;
			sourceTree = "<group>";
		};
		183CB688194655D80079076A /* Main.storyboard */ = {
			isa = PBXVariantGroup;
			children = (
				183CB689194655D80079076A /* Base */,
			);
			name = Main.storyboard;
			sourceTree = "<group>";
		};
		183CB69E194655D80079076A /* InfoPlist.strings */ = {
			isa = PBXVariantGroup;
			children = (
				183CB69F194655D80079076A /* en */,
			);
			name = InfoPlist.strings;
			sourceTree = "<group>";
		};
/* End PBXVariantGroup section */

/* Begin XCBuildConfiguration section */
		183CB6A3194655D80079076A /* Debug */ = {
			isa = XCBuildConfiguration;
			buildSettings = {
				ALWAYS_SEARCH_USER_PATHS = NO;
				CLANG_CXX_LANGUAGE_STANDARD = "gnu++0x";
				CLANG_CXX_LIBRARY = "libc++";
				CLANG_ENABLE_MODULES = YES;
				CLANG_ENABLE_OBJC_ARC = YES;
				CLANG_WARN_BOOL_CONVERSION = YES;
				CLANG_WARN_CONSTANT_CONVERSION = YES;
				CLANG_WARN_DIRECT_OBJC_ISA_USAGE = YES_ERROR;
				CLANG_WARN_EMPTY_BODY = YES;
				CLANG_WARN_ENUM_CONVERSION = YES;
				CLANG_WARN_INT_CONVERSION = YES;
				CLANG_WARN_OBJC_ROOT_CLASS = YES_ERROR;
				CLANG_WARN__DUPLICATE_METHOD_MATCH = YES;
				"CODE_SIGN_IDENTITY[sdk=iphoneos*]" = "iPhone Developer";
				COPY_PHASE_STRIP = NO;
				GCC_C_LANGUAGE_STANDARD = gnu99;
				GCC_DYNAMIC_NO_PIC = NO;
				GCC_OPTIMIZATION_LEVEL = 0;
				GCC_PREPROCESSOR_DEFINITIONS = (
					"DEBUG=1",
					"$(inherited)",
				);
				GCC_SYMBOLS_PRIVATE_EXTERN = NO;
				GCC_WARN_64_TO_32_BIT_CONVERSION = YES;
				GCC_WARN_ABOUT_RETURN_TYPE = YES_ERROR;
				GCC_WARN_UNDECLARED_SELECTOR = YES;
				GCC_WARN_UNINITIALIZED_AUTOS = YES_AGGRESSIVE;
				GCC_WARN_UNUSED_FUNCTION = YES;
				GCC_WARN_UNUSED_VARIABLE = YES;
				IPHONEOS_DEPLOYMENT_TARGET = 7.1;
				ONLY_ACTIVE_ARCH = YES;
				SDKROOT = iphoneos;
			};
			name = Debug;
		};
		183CB6A4194655D80079076A /* Release */ = {
			isa = XCBuildConfiguration;
			buildSettings = {
				ALWAYS_SEARCH_USER_PATHS = NO;
				CLANG_CXX_LANGUAGE_STANDARD = "gnu++0x";
				CLANG_CXX_LIBRARY = "libc++";
				CLANG_ENABLE_MODULES = YES;
				CLANG_ENABLE_OBJC_ARC = YES;
				CLANG_WARN_BOOL_CONVERSION = YES;
				CLANG_WARN_CONSTANT_CONVERSION = YES;
				CLANG_WARN_DIRECT_OBJC_ISA_USAGE = YES_ERROR;
				CLANG_WARN_EMPTY_BODY = YES;
				CLANG_WARN_ENUM_CONVERSION = YES;
				CLANG_WARN_INT_CONVERSION = YES;
				CLANG_WARN_OBJC_ROOT_CLASS = YES_ERROR;
				CLANG_WARN__DUPLICATE_METHOD_MATCH = YES;
				"CODE_SIGN_IDENTITY[sdk=iphoneos*]" = "iPhone Developer";
				COPY_PHASE_STRIP = YES;
				ENABLE_NS_ASSERTIONS = NO;
				GCC_C_LANGUAGE_STANDARD = gnu99;
				GCC_WARN_64_TO_32_BIT_CONVERSION = YES;
				GCC_WARN_ABOUT_RETURN_TYPE = YES_ERROR;
				GCC_WARN_UNDECLARED_SELECTOR = YES;
				GCC_WARN_UNINITIALIZED_AUTOS = YES_AGGRESSIVE;
				GCC_WARN_UNUSED_FUNCTION = YES;
				GCC_WARN_UNUSED_VARIABLE = YES;
				IPHONEOS_DEPLOYMENT_TARGET = 7.1;
				SDKROOT = iphoneos;
				VALIDATE_PRODUCT = YES;
			};
			name = Release;
		};
		183CB6A6194655D80079076A /* Debug */ = {
			isa = XCBuildConfiguration;
			buildSettings = {
				ASSETCATALOG_COMPILER_APPICON_NAME = AppIcon;
				ASSETCATALOG_COMPILER_LAUNCHIMAGE_NAME = LaunchImage;
				CODE_SIGN_IDENTITY = "iPhone Developer";
				"CODE_SIGN_IDENTITY[sdk=iphoneos*]" = "iPhone Developer";
				FRAMEWORK_SEARCH_PATHS = "../Open\\ Spatial\\ iOS\\ Framework/OpenSpatial";
				GCC_PRECOMPILE_PREFIX_HEADER = YES;
				GCC_PREFIX_HEADER = "Example App/Example App-Prefix.pch";
				INFOPLIST_FILE = "Example App/Example App-Info.plist";
				IPHONEOS_DEPLOYMENT_TARGET = 8.1;
				LD_RUNPATH_SEARCH_PATHS = "$(inherited) @executable_path/Frameworks";
				PRODUCT_BUNDLE_IDENTIFIER = com.nodlabs.exampleapp;
				PRODUCT_NAME = "$(TARGET_NAME)";
				PROVISIONING_PROFILE = "";
				WRAPPER_EXTENSION = app;
			};
			name = Debug;
		};
		183CB6A7194655D80079076A /* Release */ = {
			isa = XCBuildConfiguration;
			buildSettings = {
				ASSETCATALOG_COMPILER_APPICON_NAME = AppIcon;
				ASSETCATALOG_COMPILER_LAUNCHIMAGE_NAME = LaunchImage;
				CODE_SIGN_IDENTITY = "iPhone Developer";
				"CODE_SIGN_IDENTITY[sdk=iphoneos*]" = "iPhone Developer";
				FRAMEWORK_SEARCH_PATHS = "../Open\\ Spatial\\ iOS\\ Framework/OpenSpatial";
				GCC_PRECOMPILE_PREFIX_HEADER = YES;
				GCC_PREFIX_HEADER = "Example App/Example App-Prefix.pch";
				INFOPLIST_FILE = "Example App/Example App-Info.plist";
				IPHONEOS_DEPLOYMENT_TARGET = 8.1;
				LD_RUNPATH_SEARCH_PATHS = "$(inherited) @executable_path/Frameworks";
				PRODUCT_BUNDLE_IDENTIFIER = com.nodlabs.exampleapp;
				PRODUCT_NAME = "$(TARGET_NAME)";
				PROVISIONING_PROFILE = "";
				WRAPPER_EXTENSION = app;
			};
			name = Release;
		};
		183CB6A9194655D80079076A /* Debug */ = {
			isa = XCBuildConfiguration;
			buildSettings = {
				BUNDLE_LOADER = "$(BUILT_PRODUCTS_DIR)/Example App.app/Example App";
				FRAMEWORK_SEARCH_PATHS = (
					"$(SDKROOT)/Developer/Library/Frameworks",
					"$(inherited)",
					"$(DEVELOPER_FRAMEWORKS_DIR)",
				);
				GCC_PRECOMPILE_PREFIX_HEADER = YES;
				GCC_PREFIX_HEADER = "Example App/Example App-Prefix.pch";
				GCC_PREPROCESSOR_DEFINITIONS = (
					"DEBUG=1",
					"$(inherited)",
				);
				INFOPLIST_FILE = "Example AppTests/Example AppTests-Info.plist";
				PRODUCT_NAME = "$(TARGET_NAME)";
				TEST_HOST = "$(BUNDLE_LOADER)";
				WRAPPER_EXTENSION = xctest;
			};
			name = Debug;
		};
		183CB6AA194655D80079076A /* Release */ = {
			isa = XCBuildConfiguration;
			buildSettings = {
				BUNDLE_LOADER = "$(BUILT_PRODUCTS_DIR)/Example App.app/Example App";
				FRAMEWORK_SEARCH_PATHS = (
					"$(SDKROOT)/Developer/Library/Frameworks",
					"$(inherited)",
					"$(DEVELOPER_FRAMEWORKS_DIR)",
				);
				GCC_PRECOMPILE_PREFIX_HEADER = YES;
				GCC_PREFIX_HEADER = "Example App/Example App-Prefix.pch";
				INFOPLIST_FILE = "Example AppTests/Example AppTests-Info.plist";
				PRODUCT_NAME = "$(TARGET_NAME)";
				TEST_HOST = "$(BUNDLE_LOADER)";
				WRAPPER_EXTENSION = xctest;
			};
			name = Release;
		};
/* End XCBuildConfiguration section */

/* Begin XCConfigurationList section */
		183CB66E194655D80079076A /* Build configuration list for PBXProject "Example App" */ = {
			isa = XCConfigurationList;
			buildConfigurations = (
				183CB6A3194655D80079076A /* Debug */,
				183CB6A4194655D80079076A /* Release */,
			);
			defaultConfigurationIsVisible = 0;
			defaultConfigurationName = Release;
		};
		183CB6A5194655D80079076A /* Build configuration list for PBXNativeTarget "Example App" */ = {
			isa = XCConfigurationList;
			buildConfigurations = (
				183CB6A6194655D80079076A /* Debug */,
				183CB6A7194655D80079076A /* Release */,
			);
			defaultConfigurationIsVisible = 0;
			defaultConfigurationName = Release;
		};
		183CB6A8194655D80079076A /* Build configuration list for PBXNativeTarget "Example AppTests" */ = {
			isa = XCConfigurationList;
			buildConfigurations = (
				183CB6A9194655D80079076A /* Debug */,
				183CB6AA194655D80079076A /* Release */,
			);
			defaultConfigurationIsVisible = 0;
			defaultConfigurationName = Release;
		};
/* End XCConfigurationList section */
	};
	rootObject = 183CB66B194655D80079076A /* Project object */;
}
