// !$*UTF8*$!
{
	archiveVersion = 1;
	classes = {
	};
	objectVersion = 46;
	objects = {

/* Begin PBXBuildFile section */
		B013AC3F192431A800FF104A /* Foundation.framework in Frameworks */ = {isa = PBXBuildFile; fileRef = B013AC3E192431A800FF104A /* Foundation.framework */; };
		B013AC41192431A800FF104A /* CoreGraphics.framework in Frameworks */ = {isa = PBXBuildFile; fileRef = B013AC40192431A800FF104A /* CoreGraphics.framework */; };
		B013AC43192431A800FF104A /* UIKit.framework in Frameworks */ = {isa = PBXBuildFile; fileRef = B013AC42192431A800FF104A /* UIKit.framework */; };
		B013AC49192431A800FF104A /* InfoPlist.strings in Resources */ = {isa = PBXBuildFile; fileRef = B013AC47192431A800FF104A /* InfoPlist.strings */; };
		B013AC4B192431A800FF104A /* main.m in Sources */ = {isa = PBXBuildFile; fileRef = B013AC4A192431A800FF104A /* main.m */; };
		B013AC4F192431A800FF104A /* AppDelegate.m in Sources */ = {isa = PBXBuildFile; fileRef = B013AC4E192431A800FF104A /* AppDelegate.m */; };
		B013AC52192431A800FF104A /* Main_iPhone.storyboard in Resources */ = {isa = PBXBuildFile; fileRef = B013AC50192431A800FF104A /* Main_iPhone.storyboard */; };
		B013AC58192431A800FF104A /* ViewController.m in Sources */ = {isa = PBXBuildFile; fileRef = B013AC57192431A800FF104A /* ViewController.m */; };
		B013AC5A192431A800FF104A /* Images.xcassets in Resources */ = {isa = PBXBuildFile; fileRef = B013AC59192431A800FF104A /* Images.xcassets */; };
		B013AC61192431A800FF104A /* XCTest.framework in Frameworks */ = {isa = PBXBuildFile; fileRef = B013AC60192431A800FF104A /* XCTest.framework */; };
		B013AC62192431A800FF104A /* Foundation.framework in Frameworks */ = {isa = PBXBuildFile; fileRef = B013AC3E192431A800FF104A /* Foundation.framework */; };
		B013AC63192431A800FF104A /* UIKit.framework in Frameworks */ = {isa = PBXBuildFile; fileRef = B013AC42192431A800FF104A /* UIKit.framework */; };
		B013AC6B192431A800FF104A /* InfoPlist.strings in Resources */ = {isa = PBXBuildFile; fileRef = B013AC69192431A800FF104A /* InfoPlist.strings */; };
		B013AC6D192431A800FF104A /* Nod_EmulatorTests.m in Sources */ = {isa = PBXBuildFile; fileRef = B013AC6C192431A800FF104A /* Nod_EmulatorTests.m */; };
		B026D845193E76C300439B8B /* nod-logo.png in Resources */ = {isa = PBXBuildFile; fileRef = B026D844193E76C300439B8B /* nod-logo.png */; };
		B026D84A193E7A9A00439B8B /* ArrowD.png in Resources */ = {isa = PBXBuildFile; fileRef = B026D846193E7A9A00439B8B /* ArrowD.png */; };
		B026D84B193E7A9A00439B8B /* ArrowL.png in Resources */ = {isa = PBXBuildFile; fileRef = B026D847193E7A9A00439B8B /* ArrowL.png */; };
		B026D84C193E7A9A00439B8B /* ArrowR.png in Resources */ = {isa = PBXBuildFile; fileRef = B026D848193E7A9A00439B8B /* ArrowR.png */; };
		B026D84D193E7A9A00439B8B /* ArrowU.png in Resources */ = {isa = PBXBuildFile; fileRef = B026D849193E7A9A00439B8B /* ArrowU.png */; };
		B0568EFF19809F54004270B8 /* twistLeft.png in Resources */ = {isa = PBXBuildFile; fileRef = B0568EFD19809F54004270B8 /* twistLeft.png */; };
		B0568F0019809F54004270B8 /* twistRight.png in Resources */ = {isa = PBXBuildFile; fileRef = B0568EFE19809F54004270B8 /* twistRight.png */; };
		B05C795019243FE800B8FBB3 /* NodBluetoothEmulator.m in Sources */ = {isa = PBXBuildFile; fileRef = B05C794F19243FE800B8FBB3 /* NodBluetoothEmulator.m */; };
		B05C79521924400E00B8FBB3 /* CoreBluetooth.framework in Frameworks */ = {isa = PBXBuildFile; fileRef = B05C79511924400E00B8FBB3 /* CoreBluetooth.framework */; };
		B06536C219381A97006469C1 /* RingTop.png in Resources */ = {isa = PBXBuildFile; fileRef = B06536C119381A97006469C1 /* RingTop.png */; };
		B06536C619381D63006469C1 /* BlueButton.png in Resources */ = {isa = PBXBuildFile; fileRef = B06536C519381D63006469C1 /* BlueButton.png */; };
		B06536CD193821D6006469C1 /* SliderView.m in Sources */ = {isa = PBXBuildFile; fileRef = B06536CC193821D6006469C1 /* SliderView.m */; };
		B06536CF19382291006469C1 /* Ring.png in Resources */ = {isa = PBXBuildFile; fileRef = B06536CE19382291006469C1 /* Ring.png */; };
		B06536D919392FE6006469C1 /* RedButton.png in Resources */ = {isa = PBXBuildFile; fileRef = B06536D819392FE6006469C1 /* RedButton.png */; };
		B06536E5193938C6006469C1 /* icon_iPad.png in Resources */ = {isa = PBXBuildFile; fileRef = B06536DB193938C6006469C1 /* icon_iPad.png */; };
		B06536E6193938C6006469C1 /* icon_iPad@2x.png in Resources */ = {isa = PBXBuildFile; fileRef = B06536DC193938C6006469C1 /* icon_iPad@2x.png */; };
		B06536E7193938C6006469C1 /* icon_iPhone.png in Resources */ = {isa = PBXBuildFile; fileRef = B06536DD193938C6006469C1 /* icon_iPhone.png */; };
		B06536E8193938C6006469C1 /* icon_iPhone@2x.png in Resources */ = {isa = PBXBuildFile; fileRef = B06536DE193938C6006469C1 /* icon_iPhone@2x.png */; };
		B06536E9193938C6006469C1 /* settings.png in Resources */ = {isa = PBXBuildFile; fileRef = B06536DF193938C6006469C1 /* settings.png */; };
		B06536EA193938C6006469C1 /* settings@2x.png in Resources */ = {isa = PBXBuildFile; fileRef = B06536E0193938C6006469C1 /* settings@2x.png */; };
		B06536EB193938C6006469C1 /* splash_640x1136.png in Resources */ = {isa = PBXBuildFile; fileRef = B06536E1193938C6006469C1 /* splash_640x1136.png */; };
		B06536EC193938C6006469C1 /* splash_640x960.png in Resources */ = {isa = PBXBuildFile; fileRef = B06536E2193938C6006469C1 /* splash_640x960.png */; };
		B06536ED193938C6006469C1 /* spotlight.png in Resources */ = {isa = PBXBuildFile; fileRef = B06536E3193938C6006469C1 /* spotlight.png */; };
		B06536EE193938C6006469C1 /* spotlight@2x.png in Resources */ = {isa = PBXBuildFile; fileRef = B06536E4193938C6006469C1 /* spotlight@2x.png */; };
		B09ED37219256547000EB6B0 /* TouchView.m in Sources */ = {isa = PBXBuildFile; fileRef = B09ED37119256547000EB6B0 /* TouchView.m */; };
		B0C4A85D1978707A008EC400 /* OpenSpatialDecoder.m in Sources */ = {isa = PBXBuildFile; fileRef = B0C4A85C1978707A008EC400 /* OpenSpatialDecoder.m */; };
/* End PBXBuildFile section */

/* Begin PBXContainerItemProxy section */
		B013AC64192431A800FF104A /* PBXContainerItemProxy */ = {
			isa = PBXContainerItemProxy;
			containerPortal = B013AC33192431A800FF104A /* Project object */;
			proxyType = 1;
			remoteGlobalIDString = B013AC3A192431A800FF104A;
			remoteInfo = "Nod Emulator";
		};
/* End PBXContainerItemProxy section */

/* Begin PBXFileReference section */
		B013AC3B192431A800FF104A /* Nod Emulator.app */ = {isa = PBXFileReference; explicitFileType = wrapper.application; includeInIndex = 0; path = "Nod Emulator.app"; sourceTree = BUILT_PRODUCTS_DIR; };
		B013AC3E192431A800FF104A /* Foundation.framework */ = {isa = PBXFileReference; lastKnownFileType = wrapper.framework; name = Foundation.framework; path = System/Library/Frameworks/Foundation.framework; sourceTree = SDKROOT; };
		B013AC40192431A800FF104A /* CoreGraphics.framework */ = {isa = PBXFileReference; lastKnownFileType = wrapper.framework; name = CoreGraphics.framework; path = System/Library/Frameworks/CoreGraphics.framework; sourceTree = SDKROOT; };
		B013AC42192431A800FF104A /* UIKit.framework */ = {isa = PBXFileReference; lastKnownFileType = wrapper.framework; name = UIKit.framework; path = System/Library/Frameworks/UIKit.framework; sourceTree = SDKROOT; };
		B013AC46192431A800FF104A /* Nod Emulator-Info.plist */ = {isa = PBXFileReference; lastKnownFileType = text.plist.xml; path = "Nod Emulator-Info.plist"; sourceTree = "<group>"; };
		B013AC48192431A800FF104A /* en */ = {isa = PBXFileReference; lastKnownFileType = text.plist.strings; name = en; path = en.lproj/InfoPlist.strings; sourceTree = "<group>"; };
		B013AC4A192431A800FF104A /* main.m */ = {isa = PBXFileReference; lastKnownFileType = sourcecode.c.objc; path = main.m; sourceTree = "<group>"; };
		B013AC4C192431A800FF104A /* Nod Emulator-Prefix.pch */ = {isa = PBXFileReference; lastKnownFileType = sourcecode.c.h; path = "Nod Emulator-Prefix.pch"; sourceTree = "<group>"; };
		B013AC4D192431A800FF104A /* AppDelegate.h */ = {isa = PBXFileReference; lastKnownFileType = sourcecode.c.h; path = AppDelegate.h; sourceTree = "<group>"; };
		B013AC4E192431A800FF104A /* AppDelegate.m */ = {isa = PBXFileReference; lastKnownFileType = sourcecode.c.objc; path = AppDelegate.m; sourceTree = "<group>"; };
		B013AC51192431A800FF104A /* Base */ = {isa = PBXFileReference; lastKnownFileType = file.storyboard; name = Base; path = Base.lproj/Main_iPhone.storyboard; sourceTree = "<group>"; };
		B013AC56192431A800FF104A /* ViewController.h */ = {isa = PBXFileReference; lastKnownFileType = sourcecode.c.h; path = ViewController.h; sourceTree = "<group>"; };
		B013AC57192431A800FF104A /* ViewController.m */ = {isa = PBXFileReference; lastKnownFileType = sourcecode.c.objc; path = ViewController.m; sourceTree = "<group>"; };
		B013AC59192431A800FF104A /* Images.xcassets */ = {isa = PBXFileReference; lastKnownFileType = folder.assetcatalog; path = Images.xcassets; sourceTree = "<group>"; };
		B013AC5F192431A800FF104A /* Nod EmulatorTests.xctest */ = {isa = PBXFileReference; explicitFileType = wrapper.cfbundle; includeInIndex = 0; path = "Nod EmulatorTests.xctest"; sourceTree = BUILT_PRODUCTS_DIR; };
		B013AC60192431A800FF104A /* XCTest.framework */ = {isa = PBXFileReference; lastKnownFileType = wrapper.framework; name = XCTest.framework; path = Library/Frameworks/XCTest.framework; sourceTree = DEVELOPER_DIR; };
		B013AC68192431A800FF104A /* Nod EmulatorTests-Info.plist */ = {isa = PBXFileReference; lastKnownFileType = text.plist.xml; path = "Nod EmulatorTests-Info.plist"; sourceTree = "<group>"; };
		B013AC6A192431A800FF104A /* en */ = {isa = PBXFileReference; lastKnownFileType = text.plist.strings; name = en; path = en.lproj/InfoPlist.strings; sourceTree = "<group>"; };
		B013AC6C192431A800FF104A /* Nod_EmulatorTests.m */ = {isa = PBXFileReference; lastKnownFileType = sourcecode.c.objc; path = Nod_EmulatorTests.m; sourceTree = "<group>"; };
		B026D844193E76C300439B8B /* nod-logo.png */ = {isa = PBXFileReference; lastKnownFileType = image.png; path = "nod-logo.png"; sourceTree = "<group>"; };
		B026D846193E7A9A00439B8B /* ArrowD.png */ = {isa = PBXFileReference; lastKnownFileType = image.png; path = ArrowD.png; sourceTree = "<group>"; };
		B026D847193E7A9A00439B8B /* ArrowL.png */ = {isa = PBXFileReference; lastKnownFileType = image.png; path = ArrowL.png; sourceTree = "<group>"; };
		B026D848193E7A9A00439B8B /* ArrowR.png */ = {isa = PBXFileReference; lastKnownFileType = image.png; path = ArrowR.png; sourceTree = "<group>"; };
		B026D849193E7A9A00439B8B /* ArrowU.png */ = {isa = PBXFileReference; lastKnownFileType = image.png; path = ArrowU.png; sourceTree = "<group>"; };
		B0568EFD19809F54004270B8 /* twistLeft.png */ = {isa = PBXFileReference; lastKnownFileType = image.png; path = twistLeft.png; sourceTree = "<group>"; };
		B0568EFE19809F54004270B8 /* twistRight.png */ = {isa = PBXFileReference; lastKnownFileType = image.png; path = twistRight.png; sourceTree = "<group>"; };
		B05C794E19243FE800B8FBB3 /* NodBluetoothEmulator.h */ = {isa = PBXFileReference; fileEncoding = 4; lastKnownFileType = sourcecode.c.h; path = NodBluetoothEmulator.h; sourceTree = "<group>"; };
		B05C794F19243FE800B8FBB3 /* NodBluetoothEmulator.m */ = {isa = PBXFileReference; fileEncoding = 4; lastKnownFileType = sourcecode.c.objc; path = NodBluetoothEmulator.m; sourceTree = "<group>"; };
		B05C79511924400E00B8FBB3 /* CoreBluetooth.framework */ = {isa = PBXFileReference; lastKnownFileType = wrapper.framework; name = CoreBluetooth.framework; path = System/Library/Frameworks/CoreBluetooth.framework; sourceTree = SDKROOT; };
		B06536C119381A97006469C1 /* RingTop.png */ = {isa = PBXFileReference; lastKnownFileType = image.png; path = RingTop.png; sourceTree = "<group>"; };
		B06536C519381D63006469C1 /* BlueButton.png */ = {isa = PBXFileReference; lastKnownFileType = image.png; path = BlueButton.png; sourceTree = "<group>"; };
		B06536CB193821D6006469C1 /* SliderView.h */ = {isa = PBXFileReference; fileEncoding = 4; lastKnownFileType = sourcecode.c.h; path = SliderView.h; sourceTree = "<group>"; };
		B06536CC193821D6006469C1 /* SliderView.m */ = {isa = PBXFileReference; fileEncoding = 4; lastKnownFileType = sourcecode.c.objc; path = SliderView.m; sourceTree = "<group>"; };
		B06536CE19382291006469C1 /* Ring.png */ = {isa = PBXFileReference; lastKnownFileType = image.png; path = Ring.png; sourceTree = "<group>"; };
		B06536D819392FE6006469C1 /* RedButton.png */ = {isa = PBXFileReference; lastKnownFileType = image.png; path = RedButton.png; sourceTree = "<group>"; };
		B06536DB193938C6006469C1 /* icon_iPad.png */ = {isa = PBXFileReference; lastKnownFileType = image.png; path = icon_iPad.png; sourceTree = "<group>"; };
		B06536DC193938C6006469C1 /* icon_iPad@2x.png */ = {isa = PBXFileReference; lastKnownFileType = image.png; path = "icon_iPad@2x.png"; sourceTree = "<group>"; };
		B06536DD193938C6006469C1 /* icon_iPhone.png */ = {isa = PBXFileReference; lastKnownFileType = image.png; path = icon_iPhone.png; sourceTree = "<group>"; };
		B06536DE193938C6006469C1 /* icon_iPhone@2x.png */ = {isa = PBXFileReference; lastKnownFileType = image.png; path = "icon_iPhone@2x.png"; sourceTree = "<group>"; };
		B06536DF193938C6006469C1 /* settings.png */ = {isa = PBXFileReference; lastKnownFileType = image.png; path = settings.png; sourceTree = "<group>"; };
		B06536E0193938C6006469C1 /* settings@2x.png */ = {isa = PBXFileReference; lastKnownFileType = image.png; path = "settings@2x.png"; sourceTree = "<group>"; };
		B06536E1193938C6006469C1 /* splash_640x1136.png */ = {isa = PBXFileReference; lastKnownFileType = image.png; path = splash_640x1136.png; sourceTree = "<group>"; };
		B06536E2193938C6006469C1 /* splash_640x960.png */ = {isa = PBXFileReference; lastKnownFileType = image.png; path = splash_640x960.png; sourceTree = "<group>"; };
		B06536E3193938C6006469C1 /* spotlight.png */ = {isa = PBXFileReference; lastKnownFileType = image.png; path = spotlight.png; sourceTree = "<group>"; };
		B06536E4193938C6006469C1 /* spotlight@2x.png */ = {isa = PBXFileReference; lastKnownFileType = image.png; path = "spotlight@2x.png"; sourceTree = "<group>"; };
		B09ED37019256547000EB6B0 /* TouchView.h */ = {isa = PBXFileReference; fileEncoding = 4; lastKnownFileType = sourcecode.c.h; path = TouchView.h; sourceTree = "<group>"; };
		B09ED37119256547000EB6B0 /* TouchView.m */ = {isa = PBXFileReference; fileEncoding = 4; lastKnownFileType = sourcecode.c.objc; path = TouchView.m; sourceTree = "<group>"; };
		B0C4A85B1978707A008EC400 /* OpenSpatialDecoder.h */ = {isa = PBXFileReference; fileEncoding = 4; lastKnownFileType = sourcecode.c.h; path = OpenSpatialDecoder.h; sourceTree = "<group>"; };
		B0C4A85C1978707A008EC400 /* OpenSpatialDecoder.m */ = {isa = PBXFileReference; fileEncoding = 4; lastKnownFileType = sourcecode.c.objc; path = OpenSpatialDecoder.m; sourceTree = "<group>"; };
/* End PBXFileReference section */

/* Begin PBXFrameworksBuildPhase section */
		B013AC38192431A800FF104A /* Frameworks */ = {
			isa = PBXFrameworksBuildPhase;
			buildActionMask = 2147483647;
			files = (
				B05C79521924400E00B8FBB3 /* CoreBluetooth.framework in Frameworks */,
				B013AC41192431A800FF104A /* CoreGraphics.framework in Frameworks */,
				B013AC43192431A800FF104A /* UIKit.framework in Frameworks */,
				B013AC3F192431A800FF104A /* Foundation.framework in Frameworks */,
			);
			runOnlyForDeploymentPostprocessing = 0;
		};
		B013AC5C192431A800FF104A /* Frameworks */ = {
			isa = PBXFrameworksBuildPhase;
			buildActionMask = 2147483647;
			files = (
				B013AC61192431A800FF104A /* XCTest.framework in Frameworks */,
				B013AC63192431A800FF104A /* UIKit.framework in Frameworks */,
				B013AC62192431A800FF104A /* Foundation.framework in Frameworks */,
			);
			runOnlyForDeploymentPostprocessing = 0;
		};
/* End PBXFrameworksBuildPhase section */

/* Begin PBXGroup section */
		B013AC32192431A800FF104A = {
			isa = PBXGroup;
			children = (
				B013AC44192431A800FF104A /* Nod Emulator */,
				B013AC66192431A800FF104A /* Nod EmulatorTests */,
				B013AC3D192431A800FF104A /* Frameworks */,
				B013AC3C192431A800FF104A /* Products */,
			);
			sourceTree = "<group>";
		};
		B013AC3C192431A800FF104A /* Products */ = {
			isa = PBXGroup;
			children = (
				B013AC3B192431A800FF104A /* Nod Emulator.app */,
				B013AC5F192431A800FF104A /* Nod EmulatorTests.xctest */,
			);
			name = Products;
			sourceTree = "<group>";
		};
		B013AC3D192431A800FF104A /* Frameworks */ = {
			isa = PBXGroup;
			children = (
				B05C79511924400E00B8FBB3 /* CoreBluetooth.framework */,
				B013AC3E192431A800FF104A /* Foundation.framework */,
				B013AC40192431A800FF104A /* CoreGraphics.framework */,
				B013AC42192431A800FF104A /* UIKit.framework */,
				B013AC60192431A800FF104A /* XCTest.framework */,
			);
			name = Frameworks;
			sourceTree = "<group>";
		};
		B013AC44192431A800FF104A /* Nod Emulator */ = {
			isa = PBXGroup;
			children = (
				B026D841193E740700439B8B /* iPad */,
				B013AC4D192431A800FF104A /* AppDelegate.h */,
				B013AC4E192431A800FF104A /* AppDelegate.m */,
				B013AC50192431A800FF104A /* Main_iPhone.storyboard */,
				B06536CB193821D6006469C1 /* SliderView.h */,
				B06536CC193821D6006469C1 /* SliderView.m */,
				B013AC56192431A800FF104A /* ViewController.h */,
				B013AC57192431A800FF104A /* ViewController.m */,
				B0C4A85C1978707A008EC400 /* OpenSpatialDecoder.m */,
				B0C4A85B1978707A008EC400 /* OpenSpatialDecoder.h */,
				B09ED37019256547000EB6B0 /* TouchView.h */,
				B09ED37119256547000EB6B0 /* TouchView.m */,
				B013AC59192431A800FF104A /* Images.xcassets */,
				B013AC45192431A800FF104A /* Supporting Files */,
				B05C794E19243FE800B8FBB3 /* NodBluetoothEmulator.h */,
				B05C794F19243FE800B8FBB3 /* NodBluetoothEmulator.m */,
				B06536C119381A97006469C1 /* RingTop.png */,
				B06536C519381D63006469C1 /* BlueButton.png */,
				B06536CE19382291006469C1 /* Ring.png */,
				B026D844193E76C300439B8B /* nod-logo.png */,
				B06536D819392FE6006469C1 /* RedButton.png */,
				B026D846193E7A9A00439B8B /* ArrowD.png */,
				B026D847193E7A9A00439B8B /* ArrowL.png */,
				B026D848193E7A9A00439B8B /* ArrowR.png */,
				B026D849193E7A9A00439B8B /* ArrowU.png */,
				B0568EFD19809F54004270B8 /* twistLeft.png */,
				B0568EFE19809F54004270B8 /* twistRight.png */,
				B06536DA193938C6006469C1 /* icons */,
			);
			path = "Nod Emulator";
			sourceTree = "<group>";
		};
		B013AC45192431A800FF104A /* Supporting Files */ = {
			isa = PBXGroup;
			children = (
				B013AC46192431A800FF104A /* Nod Emulator-Info.plist */,
				B013AC47192431A800FF104A /* InfoPlist.strings */,
				B013AC4A192431A800FF104A /* main.m */,
				B013AC4C192431A800FF104A /* Nod Emulator-Prefix.pch */,
			);
			name = "Supporting Files";
			sourceTree = "<group>";
		};
		B013AC66192431A800FF104A /* Nod EmulatorTests */ = {
			isa = PBXGroup;
			children = (
				B013AC6C192431A800FF104A /* Nod_EmulatorTests.m */,
				B013AC67192431A800FF104A /* Supporting Files */,
			);
			path = "Nod EmulatorTests";
			sourceTree = "<group>";
		};
		B013AC67192431A800FF104A /* Supporting Files */ = {
			isa = PBXGroup;
			children = (
				B013AC68192431A800FF104A /* Nod EmulatorTests-Info.plist */,
				B013AC69192431A800FF104A /* InfoPlist.strings */,
			);
			name = "Supporting Files";
			sourceTree = "<group>";
		};
		B026D841193E740700439B8B /* iPad */ = {
			isa = PBXGroup;
			children = (
			);
			name = iPad;
			sourceTree = "<group>";
		};
		B06536DA193938C6006469C1 /* icons */ = {
			isa = PBXGroup;
			children = (
				B06536DB193938C6006469C1 /* icon_iPad.png */,
				B06536DC193938C6006469C1 /* icon_iPad@2x.png */,
				B06536DD193938C6006469C1 /* icon_iPhone.png */,
				B06536DE193938C6006469C1 /* icon_iPhone@2x.png */,
				B06536DF193938C6006469C1 /* settings.png */,
				B06536E0193938C6006469C1 /* settings@2x.png */,
				B06536E1193938C6006469C1 /* splash_640x1136.png */,
				B06536E2193938C6006469C1 /* splash_640x960.png */,
				B06536E3193938C6006469C1 /* spotlight.png */,
				B06536E4193938C6006469C1 /* spotlight@2x.png */,
			);
			path = icons;
			sourceTree = "<group>";
		};
/* End PBXGroup section */

/* Begin PBXNativeTarget section */
		B013AC3A192431A800FF104A /* Nod Emulator */ = {
			isa = PBXNativeTarget;
			buildConfigurationList = B013AC70192431A800FF104A /* Build configuration list for PBXNativeTarget "Nod Emulator" */;
			buildPhases = (
				B013AC37192431A800FF104A /* Sources */,
				B013AC38192431A800FF104A /* Frameworks */,
				B013AC39192431A800FF104A /* Resources */,
			);
			buildRules = (
			);
			dependencies = (
			);
			name = "Nod Emulator";
			productName = "Nod Emulator";
			productReference = B013AC3B192431A800FF104A /* Nod Emulator.app */;
			productType = "com.apple.product-type.application";
		};
		B013AC5E192431A800FF104A /* Nod EmulatorTests */ = {
			isa = PBXNativeTarget;
			buildConfigurationList = B013AC73192431A800FF104A /* Build configuration list for PBXNativeTarget "Nod EmulatorTests" */;
			buildPhases = (
				B013AC5B192431A800FF104A /* Sources */,
				B013AC5C192431A800FF104A /* Frameworks */,
				B013AC5D192431A800FF104A /* Resources */,
			);
			buildRules = (
			);
			dependencies = (
				B013AC65192431A800FF104A /* PBXTargetDependency */,
			);
			name = "Nod EmulatorTests";
			productName = "Nod EmulatorTests";
			productReference = B013AC5F192431A800FF104A /* Nod EmulatorTests.xctest */;
			productType = "com.apple.product-type.bundle.unit-test";
		};
/* End PBXNativeTarget section */

/* Begin PBXProject section */
		B013AC33192431A800FF104A /* Project object */ = {
			isa = PBXProject;
			attributes = {
				LastUpgradeCheck = 0510;
				ORGANIZATIONNAME = "Nod Inc";
				TargetAttributes = {
					B013AC3A192431A800FF104A = {
						DevelopmentTeam = BM62RN4H49;
					};
					B013AC5E192431A800FF104A = {
						TestTargetID = B013AC3A192431A800FF104A;
					};
				};
			};
			buildConfigurationList = B013AC36192431A800FF104A /* Build configuration list for PBXProject "Nod Emulator" */;
			compatibilityVersion = "Xcode 3.2";
			developmentRegion = English;
			hasScannedForEncodings = 0;
			knownRegions = (
				en,
				Base,
			);
			mainGroup = B013AC32192431A800FF104A;
			productRefGroup = B013AC3C192431A800FF104A /* Products */;
			projectDirPath = "";
			projectRoot = "";
			targets = (
				B013AC3A192431A800FF104A /* Nod Emulator */,
				B013AC5E192431A800FF104A /* Nod EmulatorTests */,
			);
		};
/* End PBXProject section */

/* Begin PBXResourcesBuildPhase section */
		B013AC39192431A800FF104A /* Resources */ = {
			isa = PBXResourcesBuildPhase;
			buildActionMask = 2147483647;
			files = (
				B06536EC193938C6006469C1 /* splash_640x960.png in Resources */,
				B06536ED193938C6006469C1 /* spotlight.png in Resources */,
				B06536C619381D63006469C1 /* BlueButton.png in Resources */,
				B0568EFF19809F54004270B8 /* twistLeft.png in Resources */,
				B026D84A193E7A9A00439B8B /* ArrowD.png in Resources */,
				B026D84B193E7A9A00439B8B /* ArrowL.png in Resources */,
				B013AC5A192431A800FF104A /* Images.xcassets in Resources */,
				B06536E9193938C6006469C1 /* settings.png in Resources */,
				B026D84D193E7A9A00439B8B /* ArrowU.png in Resources */,
				B026D845193E76C300439B8B /* nod-logo.png in Resources */,
				B06536E6193938C6006469C1 /* icon_iPad@2x.png in Resources */,
				B06536CF19382291006469C1 /* Ring.png in Resources */,
				B06536D919392FE6006469C1 /* RedButton.png in Resources */,
				B06536C219381A97006469C1 /* RingTop.png in Resources */,
				B06536E8193938C6006469C1 /* icon_iPhone@2x.png in Resources */,
				B013AC52192431A800FF104A /* Main_iPhone.storyboard in Resources */,
				B06536EA193938C6006469C1 /* settings@2x.png in Resources */,
				B06536E7193938C6006469C1 /* icon_iPhone.png in Resources */,
				B0568F0019809F54004270B8 /* twistRight.png in Resources */,
				B06536EB193938C6006469C1 /* splash_640x1136.png in Resources */,
				B026D84C193E7A9A00439B8B /* ArrowR.png in Resources */,
				B06536E5193938C6006469C1 /* icon_iPad.png in Resources */,
				B013AC49192431A800FF104A /* InfoPlist.strings in Resources */,
				B06536EE193938C6006469C1 /* spotlight@2x.png in Resources */,
			);
			runOnlyForDeploymentPostprocessing = 0;
		};
		B013AC5D192431A800FF104A /* Resources */ = {
			isa = PBXResourcesBuildPhase;
			buildActionMask = 2147483647;
			files = (
				B013AC6B192431A800FF104A /* InfoPlist.strings in Resources */,
			);
			runOnlyForDeploymentPostprocessing = 0;
		};
/* End PBXResourcesBuildPhase section */

/* Begin PBXSourcesBuildPhase section */
		B013AC37192431A800FF104A /* Sources */ = {
			isa = PBXSourcesBuildPhase;
			buildActionMask = 2147483647;
			files = (
				B09ED37219256547000EB6B0 /* TouchView.m in Sources */,
				B013AC58192431A800FF104A /* ViewController.m in Sources */,
				B05C795019243FE800B8FBB3 /* NodBluetoothEmulator.m in Sources */,
				B06536CD193821D6006469C1 /* SliderView.m in Sources */,
				B013AC4F192431A800FF104A /* AppDelegate.m in Sources */,
				B0C4A85D1978707A008EC400 /* OpenSpatialDecoder.m in Sources */,
				B013AC4B192431A800FF104A /* main.m in Sources */,
			);
			runOnlyForDeploymentPostprocessing = 0;
		};
		B013AC5B192431A800FF104A /* Sources */ = {
			isa = PBXSourcesBuildPhase;
			buildActionMask = 2147483647;
			files = (
				B013AC6D192431A800FF104A /* Nod_EmulatorTests.m in Sources */,
			);
			runOnlyForDeploymentPostprocessing = 0;
		};
/* End PBXSourcesBuildPhase section */

/* Begin PBXTargetDependency section */
		B013AC65192431A800FF104A /* PBXTargetDependency */ = {
			isa = PBXTargetDependency;
			target = B013AC3A192431A800FF104A /* Nod Emulator */;
			targetProxy = B013AC64192431A800FF104A /* PBXContainerItemProxy */;
		};
/* End PBXTargetDependency section */

/* Begin PBXVariantGroup section */
		B013AC47192431A800FF104A /* InfoPlist.strings */ = {
			isa = PBXVariantGroup;
			children = (
				B013AC48192431A800FF104A /* en */,
			);
			name = InfoPlist.strings;
			sourceTree = "<group>";
		};
		B013AC50192431A800FF104A /* Main_iPhone.storyboard */ = {
			isa = PBXVariantGroup;
			children = (
				B013AC51192431A800FF104A /* Base */,
			);
			name = Main_iPhone.storyboard;
			sourceTree = "<group>";
		};
		B013AC69192431A800FF104A /* InfoPlist.strings */ = {
			isa = PBXVariantGroup;
			children = (
				B013AC6A192431A800FF104A /* en */,
			);
			name = InfoPlist.strings;
			sourceTree = "<group>";
		};
/* End PBXVariantGroup section */

/* Begin XCBuildConfiguration section */
		B013AC6E192431A800FF104A /* Debug */ = {
			isa = XCBuildConfiguration;
			buildSettings = {
				ALWAYS_SEARCH_USER_PATHS = NO;
				ARCHS = "$(ARCHS_STANDARD_INCLUDING_64_BIT)";
				CLANG_CXX_LANGUAGE_STANDARD = "gnu++0x";
				CLANG_CXX_LIBRARY = "libc++";
				CLANG_ENABLE_MODULES = YES;
				CLANG_ENABLE_OBJC_ARC = YES;
				CLANG_WARN_BOOL_CONVERSION = YES;
				CLANG_WARN_CONSTANT_CONVERSION = YES;
				CLANG_WARN_DIRECT_OBJC_ISA_USAGE = YES_ERROR;
				CLANG_WARN_EMPTY_BODY = YES;
				CLANG_WARN_ENUM_CONVERSION = YES;
				CLANG_WARN_INT_CONVERSION = YES;
				CLANG_WARN_OBJC_ROOT_CLASS = YES_ERROR;
				CLANG_WARN__DUPLICATE_METHOD_MATCH = YES;
				"CODE_SIGN_IDENTITY[sdk=iphoneos*]" = "iPhone Developer";
				COPY_PHASE_STRIP = NO;
				GCC_C_LANGUAGE_STANDARD = gnu99;
				GCC_DYNAMIC_NO_PIC = NO;
				GCC_OPTIMIZATION_LEVEL = 0;
				GCC_PREPROCESSOR_DEFINITIONS = (
					"DEBUG=1",
					"$(inherited)",
				);
				GCC_SYMBOLS_PRIVATE_EXTERN = NO;
				GCC_WARN_64_TO_32_BIT_CONVERSION = YES;
				GCC_WARN_ABOUT_RETURN_TYPE = YES_ERROR;
				GCC_WARN_UNDECLARED_SELECTOR = YES;
				GCC_WARN_UNINITIALIZED_AUTOS = YES_AGGRESSIVE;
				GCC_WARN_UNUSED_FUNCTION = YES;
				GCC_WARN_UNUSED_VARIABLE = YES;
				IPHONEOS_DEPLOYMENT_TARGET = 7.1;
				ONLY_ACTIVE_ARCH = YES;
				SDKROOT = iphoneos;
				TARGETED_DEVICE_FAMILY = "1,2";
			};
			name = Debug;
		};
		B013AC6F192431A800FF104A /* Release */ = {
			isa = XCBuildConfiguration;
			buildSettings = {
				ALWAYS_SEARCH_USER_PATHS = NO;
				ARCHS = "$(ARCHS_STANDARD_INCLUDING_64_BIT)";
				CLANG_CXX_LANGUAGE_STANDARD = "gnu++0x";
				CLANG_CXX_LIBRARY = "libc++";
				CLANG_ENABLE_MODULES = YES;
				CLANG_ENABLE_OBJC_ARC = YES;
				CLANG_WARN_BOOL_CONVERSION = YES;
				CLANG_WARN_CONSTANT_CONVERSION = YES;
				CLANG_WARN_DIRECT_OBJC_ISA_USAGE = YES_ERROR;
				CLANG_WARN_EMPTY_BODY = YES;
				CLANG_WARN_ENUM_CONVERSION = YES;
				CLANG_WARN_INT_CONVERSION = YES;
				CLANG_WARN_OBJC_ROOT_CLASS = YES_ERROR;
				CLANG_WARN__DUPLICATE_METHOD_MATCH = YES;
				"CODE_SIGN_IDENTITY[sdk=iphoneos*]" = "iPhone Developer";
				COPY_PHASE_STRIP = YES;
				ENABLE_NS_ASSERTIONS = NO;
				GCC_C_LANGUAGE_STANDARD = gnu99;
				GCC_WARN_64_TO_32_BIT_CONVERSION = YES;
				GCC_WARN_ABOUT_RETURN_TYPE = YES_ERROR;
				GCC_WARN_UNDECLARED_SELECTOR = YES;
				GCC_WARN_UNINITIALIZED_AUTOS = YES_AGGRESSIVE;
				GCC_WARN_UNUSED_FUNCTION = YES;
				GCC_WARN_UNUSED_VARIABLE = YES;
				IPHONEOS_DEPLOYMENT_TARGET = 7.1;
				SDKROOT = iphoneos;
				TARGETED_DEVICE_FAMILY = "1,2";
				VALIDATE_PRODUCT = YES;
			};
			name = Release;
		};
		B013AC71192431A800FF104A /* Debug */ = {
			isa = XCBuildConfiguration;
			buildSettings = {
				ASSETCATALOG_COMPILER_APPICON_NAME = "AppIcon-2";
				ASSETCATALOG_COMPILER_LAUNCHIMAGE_NAME = LaunchImage;
				CODE_SIGN_IDENTITY = "iPhone Developer";
				GCC_PRECOMPILE_PREFIX_HEADER = YES;
				GCC_PREFIX_HEADER = "Nod Emulator/Nod Emulator-Prefix.pch";
				INFOPLIST_FILE = "Nod Emulator/Nod Emulator-Info.plist";
				IPHONEOS_DEPLOYMENT_TARGET = 8.0;
				PRODUCT_NAME = "$(TARGET_NAME)";
				TARGETED_DEVICE_FAMILY = "1,2";
				WRAPPER_EXTENSION = app;
			};
			name = Debug;
		};
		B013AC72192431A800FF104A /* Release */ = {
			isa = XCBuildConfiguration;
			buildSettings = {
				ASSETCATALOG_COMPILER_APPICON_NAME = "AppIcon-2";
				ASSETCATALOG_COMPILER_LAUNCHIMAGE_NAME = LaunchImage;
				CODE_SIGN_IDENTITY = "iPhone Developer";
				GCC_PRECOMPILE_PREFIX_HEADER = YES;
				GCC_PREFIX_HEADER = "Nod Emulator/Nod Emulator-Prefix.pch";
				INFOPLIST_FILE = "Nod Emulator/Nod Emulator-Info.plist";
				IPHONEOS_DEPLOYMENT_TARGET = 8.0;
				PRODUCT_NAME = "$(TARGET_NAME)";
				TARGETED_DEVICE_FAMILY = "1,2";
				WRAPPER_EXTENSION = app;
			};
			name = Release;
		};
		B013AC74192431A800FF104A /* Debug */ = {
			isa = XCBuildConfiguration;
			buildSettings = {
				ARCHS = "$(ARCHS_STANDARD_INCLUDING_64_BIT)";
				BUNDLE_LOADER = "$(BUILT_PRODUCTS_DIR)/Nod Emulator.app/Nod Emulator";
				FRAMEWORK_SEARCH_PATHS = (
					"$(SDKROOT)/Developer/Library/Frameworks",
					"$(inherited)",
					"$(DEVELOPER_FRAMEWORKS_DIR)",
				);
				GCC_PRECOMPILE_PREFIX_HEADER = YES;
				GCC_PREFIX_HEADER = "Nod Emulator/Nod Emulator-Prefix.pch";
				GCC_PREPROCESSOR_DEFINITIONS = (
					"DEBUG=1",
					"$(inherited)",
				);
				INFOPLIST_FILE = "Nod EmulatorTests/Nod EmulatorTests-Info.plist";
				PRODUCT_NAME = "$(TARGET_NAME)";
				TEST_HOST = "$(BUNDLE_LOADER)";
				WRAPPER_EXTENSION = xctest;
			};
			name = Debug;
		};
		B013AC75192431A800FF104A /* Release */ = {
			isa = XCBuildConfiguration;
			buildSettings = {
				ARCHS = "$(ARCHS_STANDARD_INCLUDING_64_BIT)";
				BUNDLE_LOADER = "$(BUILT_PRODUCTS_DIR)/Nod Emulator.app/Nod Emulator";
				FRAMEWORK_SEARCH_PATHS = (
					"$(SDKROOT)/Developer/Library/Frameworks",
					"$(inherited)",
					"$(DEVELOPER_FRAMEWORKS_DIR)",
				);
				GCC_PRECOMPILE_PREFIX_HEADER = YES;
				GCC_PREFIX_HEADER = "Nod Emulator/Nod Emulator-Prefix.pch";
				INFOPLIST_FILE = "Nod EmulatorTests/Nod EmulatorTests-Info.plist";
				PRODUCT_NAME = "$(TARGET_NAME)";
				TEST_HOST = "$(BUNDLE_LOADER)";
				WRAPPER_EXTENSION = xctest;
			};
			name = Release;
		};
/* End XCBuildConfiguration section */

/* Begin XCConfigurationList section */
		B013AC36192431A800FF104A /* Build configuration list for PBXProject "Nod Emulator" */ = {
			isa = XCConfigurationList;
			buildConfigurations = (
				B013AC6E192431A800FF104A /* Debug */,
				B013AC6F192431A800FF104A /* Release */,
			);
			defaultConfigurationIsVisible = 0;
			defaultConfigurationName = Release;
		};
		B013AC70192431A800FF104A /* Build configuration list for PBXNativeTarget "Nod Emulator" */ = {
			isa = XCConfigurationList;
			buildConfigurations = (
				B013AC71192431A800FF104A /* Debug */,
				B013AC72192431A800FF104A /* Release */,
			);
			defaultConfigurationIsVisible = 0;
			defaultConfigurationName = Release;
		};
		B013AC73192431A800FF104A /* Build configuration list for PBXNativeTarget "Nod EmulatorTests" */ = {
			isa = XCConfigurationList;
			buildConfigurations = (
				B013AC74192431A800FF104A /* Debug */,
				B013AC75192431A800FF104A /* Release */,
			);
			defaultConfigurationIsVisible = 0;
			defaultConfigurationName = Release;
		};
/* End XCConfigurationList section */
	};
	rootObject = B013AC33192431A800FF104A /* Project object */;
}
